// !$*UTF8*$!
{
	archiveVersion = 1;
	classes = {
	};
	objectVersion = 77;
	objects = {

/* Begin PBXBuildFile section */
		202EDAA82CF0DE9700426644 /* Qalculate.framework in Frameworks */ = {isa = PBXBuildFile; fileRef = 202EDAA02CF0DE9700426644 /* Qalculate.framework */; };
		202EDAA92CF0DE9700426644 /* Qalculate.framework in Embed Libraries */ = {isa = PBXBuildFile; fileRef = 202EDAA02CF0DE9700426644 /* Qalculate.framework */; settings = {ATTRIBUTES = (CodeSignOnCopy, RemoveHeadersOnCopy, ); }; };
		202EDAC32CF0E50000426644 /* libqalculate.a in Frameworks */ = {isa = PBXBuildFile; fileRef = 202EDA352CF0DAC600426644 /* libqalculate.a */; };
/* End PBXBuildFile section */

/* Begin PBXContainerItemProxy section */
		202436D12CF032B000734E77 /* PBXContainerItemProxy */ = {
			isa = PBXContainerItemProxy;
			containerPortal = 202436B72CF032AE00734E77 /* Project object */;
			proxyType = 1;
			remoteGlobalIDString = 202436BE2CF032AE00734E77;
			remoteInfo = maculate;
		};
		202436DB2CF032B000734E77 /* PBXContainerItemProxy */ = {
			isa = PBXContainerItemProxy;
			containerPortal = 202436B72CF032AE00734E77 /* Project object */;
			proxyType = 1;
			remoteGlobalIDString = 202436BE2CF032AE00734E77;
			remoteInfo = maculate;
		};
		202EDAA62CF0DE9700426644 /* PBXContainerItemProxy */ = {
			isa = PBXContainerItemProxy;
			containerPortal = 202436B72CF032AE00734E77 /* Project object */;
			proxyType = 1;
			remoteGlobalIDString = 202EDA9F2CF0DE9700426644;
			remoteInfo = QalculateFramework;
		};
/* End PBXContainerItemProxy section */

/* Begin PBXCopyFilesBuildPhase section */
		20E30CE12CF0346000194ED3 /* Embed Libraries */ = {
			isa = PBXCopyFilesBuildPhase;
			buildActionMask = 2147483647;
			dstPath = "";
			dstSubfolderSpec = 10;
			files = (
				202EDAA92CF0DE9700426644 /* Qalculate.framework in Embed Libraries */,
			);
			name = "Embed Libraries";
			runOnlyForDeploymentPostprocessing = 0;
		};
/* End PBXCopyFilesBuildPhase section */

/* Begin PBXFileReference section */
		202436BF2CF032AE00734E77 /* maculate.app */ = {isa = PBXFileReference; explicitFileType = wrapper.application; includeInIndex = 0; path = maculate.app; sourceTree = BUILT_PRODUCTS_DIR; };
		202436D02CF032B000734E77 /* maculateTests.xctest */ = {isa = PBXFileReference; explicitFileType = wrapper.cfbundle; includeInIndex = 0; path = maculateTests.xctest; sourceTree = BUILT_PRODUCTS_DIR; };
		202436DA2CF032B000734E77 /* maculateUITests.xctest */ = {isa = PBXFileReference; explicitFileType = wrapper.cfbundle; includeInIndex = 0; path = maculateUITests.xctest; sourceTree = BUILT_PRODUCTS_DIR; };
		202ED9272CF0DAC600426644 /* qalc */ = {isa = PBXFileReference; lastKnownFileType = "compiled.mach-o.executable"; path = qalc; sourceTree = "<group>"; };
		202ED9292CF0DAC600426644 /* BuiltinFunctions.h */ = {isa = PBXFileReference; lastKnownFileType = sourcecode.c.h; path = BuiltinFunctions.h; sourceTree = "<group>"; };
		202ED92A2CF0DAC600426644 /* Calculator.h */ = {isa = PBXFileReference; lastKnownFileType = sourcecode.c.h; path = Calculator.h; sourceTree = "<group>"; };
		202ED92B2CF0DAC600426644 /* DataSet.h */ = {isa = PBXFileReference; lastKnownFileType = sourcecode.c.h; path = DataSet.h; sourceTree = "<group>"; };
		202ED92C2CF0DAC600426644 /* ExpressionItem.h */ = {isa = PBXFileReference; lastKnownFileType = sourcecode.c.h; path = ExpressionItem.h; sourceTree = "<group>"; };
		202ED92D2CF0DAC600426644 /* Function.h */ = {isa = PBXFileReference; lastKnownFileType = sourcecode.c.h; path = Function.h; sourceTree = "<group>"; };
		202ED92E2CF0DAC600426644 /* includes.h */ = {isa = PBXFileReference; lastKnownFileType = sourcecode.c.h; path = includes.h; sourceTree = "<group>"; };
		202ED92F2CF0DAC600426644 /* MathStructure.h */ = {isa = PBXFileReference; lastKnownFileType = sourcecode.c.h; path = MathStructure.h; sourceTree = "<group>"; };
		202ED9302CF0DAC600426644 /* Number.h */ = {isa = PBXFileReference; lastKnownFileType = sourcecode.c.h; path = Number.h; sourceTree = "<group>"; };
		202ED9312CF0DAC600426644 /* Prefix.h */ = {isa = PBXFileReference; lastKnownFileType = sourcecode.c.h; path = Prefix.h; sourceTree = "<group>"; };
		202ED9322CF0DAC600426644 /* qalculate.h */ = {isa = PBXFileReference; lastKnownFileType = sourcecode.c.h; path = qalculate.h; sourceTree = "<group>"; };
		202ED9332CF0DAC600426644 /* QalculateDateTime.h */ = {isa = PBXFileReference; lastKnownFileType = sourcecode.c.h; path = QalculateDateTime.h; sourceTree = "<group>"; };
		202ED9342CF0DAC600426644 /* Unit.h */ = {isa = PBXFileReference; lastKnownFileType = sourcecode.c.h; path = Unit.h; sourceTree = "<group>"; };
		202ED9352CF0DAC600426644 /* util.h */ = {isa = PBXFileReference; lastKnownFileType = sourcecode.c.h; path = util.h; sourceTree = "<group>"; };
		202ED9362CF0DAC600426644 /* Variable.h */ = {isa = PBXFileReference; lastKnownFileType = sourcecode.c.h; path = Variable.h; sourceTree = "<group>"; };
		202ED9382CF0DAC600426644 /* c14n.h */ = {isa = PBXFileReference; lastKnownFileType = sourcecode.c.h; path = c14n.h; sourceTree = "<group>"; };
		202ED9392CF0DAC600426644 /* catalog.h */ = {isa = PBXFileReference; lastKnownFileType = sourcecode.c.h; path = catalog.h; sourceTree = "<group>"; };
		202ED93A2CF0DAC600426644 /* chvalid.h */ = {isa = PBXFileReference; lastKnownFileType = sourcecode.c.h; path = chvalid.h; sourceTree = "<group>"; };
		202ED93B2CF0DAC600426644 /* debugXML.h */ = {isa = PBXFileReference; lastKnownFileType = sourcecode.c.h; path = debugXML.h; sourceTree = "<group>"; };
		202ED93C2CF0DAC600426644 /* dict.h */ = {isa = PBXFileReference; lastKnownFileType = sourcecode.c.h; path = dict.h; sourceTree = "<group>"; };
		202ED93D2CF0DAC600426644 /* encoding.h */ = {isa = PBXFileReference; lastKnownFileType = sourcecode.c.h; path = encoding.h; sourceTree = "<group>"; };
		202ED93E2CF0DAC600426644 /* entities.h */ = {isa = PBXFileReference; lastKnownFileType = sourcecode.c.h; path = entities.h; sourceTree = "<group>"; };
		202ED93F2CF0DAC600426644 /* globals.h */ = {isa = PBXFileReference; lastKnownFileType = sourcecode.c.h; path = globals.h; sourceTree = "<group>"; };
		202ED9402CF0DAC600426644 /* hash.h */ = {isa = PBXFileReference; lastKnownFileType = sourcecode.c.h; path = hash.h; sourceTree = "<group>"; };
		202ED9412CF0DAC600426644 /* HTMLparser.h */ = {isa = PBXFileReference; lastKnownFileType = sourcecode.c.h; path = HTMLparser.h; sourceTree = "<group>"; };
		202ED9422CF0DAC600426644 /* HTMLtree.h */ = {isa = PBXFileReference; lastKnownFileType = sourcecode.c.h; path = HTMLtree.h; sourceTree = "<group>"; };
		202ED9432CF0DAC600426644 /* list.h */ = {isa = PBXFileReference; lastKnownFileType = sourcecode.c.h; path = list.h; sourceTree = "<group>"; };
		202ED9442CF0DAC600426644 /* nanoftp.h */ = {isa = PBXFileReference; lastKnownFileType = sourcecode.c.h; path = nanoftp.h; sourceTree = "<group>"; };
		202ED9452CF0DAC600426644 /* nanohttp.h */ = {isa = PBXFileReference; lastKnownFileType = sourcecode.c.h; path = nanohttp.h; sourceTree = "<group>"; };
		202ED9462CF0DAC600426644 /* parser.h */ = {isa = PBXFileReference; lastKnownFileType = sourcecode.c.h; path = parser.h; sourceTree = "<group>"; };
		202ED9472CF0DAC600426644 /* parserInternals.h */ = {isa = PBXFileReference; lastKnownFileType = sourcecode.c.h; path = parserInternals.h; sourceTree = "<group>"; };
		202ED9482CF0DAC600426644 /* pattern.h */ = {isa = PBXFileReference; lastKnownFileType = sourcecode.c.h; path = pattern.h; sourceTree = "<group>"; };
		202ED9492CF0DAC600426644 /* relaxng.h */ = {isa = PBXFileReference; lastKnownFileType = sourcecode.c.h; path = relaxng.h; sourceTree = "<group>"; };
		202ED94A2CF0DAC600426644 /* SAX.h */ = {isa = PBXFileReference; lastKnownFileType = sourcecode.c.h; path = SAX.h; sourceTree = "<group>"; };
		202ED94B2CF0DAC600426644 /* SAX2.h */ = {isa = PBXFileReference; lastKnownFileType = sourcecode.c.h; path = SAX2.h; sourceTree = "<group>"; };
		202ED94C2CF0DAC600426644 /* schemasInternals.h */ = {isa = PBXFileReference; lastKnownFileType = sourcecode.c.h; path = schemasInternals.h; sourceTree = "<group>"; };
		202ED94D2CF0DAC600426644 /* schematron.h */ = {isa = PBXFileReference; lastKnownFileType = sourcecode.c.h; path = schematron.h; sourceTree = "<group>"; };
		202ED94E2CF0DAC600426644 /* threads.h */ = {isa = PBXFileReference; lastKnownFileType = sourcecode.c.h; path = threads.h; sourceTree = "<group>"; };
		202ED94F2CF0DAC600426644 /* tree.h */ = {isa = PBXFileReference; lastKnownFileType = sourcecode.c.h; path = tree.h; sourceTree = "<group>"; };
		202ED9502CF0DAC600426644 /* uri.h */ = {isa = PBXFileReference; lastKnownFileType = sourcecode.c.h; path = uri.h; sourceTree = "<group>"; };
		202ED9512CF0DAC600426644 /* valid.h */ = {isa = PBXFileReference; lastKnownFileType = sourcecode.c.h; path = valid.h; sourceTree = "<group>"; };
		202ED9522CF0DAC600426644 /* xinclude.h */ = {isa = PBXFileReference; lastKnownFileType = sourcecode.c.h; path = xinclude.h; sourceTree = "<group>"; };
		202ED9532CF0DAC600426644 /* xlink.h */ = {isa = PBXFileReference; lastKnownFileType = sourcecode.c.h; path = xlink.h; sourceTree = "<group>"; };
		202ED9542CF0DAC600426644 /* xmlautomata.h */ = {isa = PBXFileReference; lastKnownFileType = sourcecode.c.h; path = xmlautomata.h; sourceTree = "<group>"; };
		202ED9552CF0DAC600426644 /* xmlerror.h */ = {isa = PBXFileReference; lastKnownFileType = sourcecode.c.h; path = xmlerror.h; sourceTree = "<group>"; };
		202ED9562CF0DAC600426644 /* xmlexports.h */ = {isa = PBXFileReference; lastKnownFileType = sourcecode.c.h; path = xmlexports.h; sourceTree = "<group>"; };
		202ED9572CF0DAC600426644 /* xmlIO.h */ = {isa = PBXFileReference; lastKnownFileType = sourcecode.c.h; path = xmlIO.h; sourceTree = "<group>"; };
		202ED9582CF0DAC600426644 /* xmlmemory.h */ = {isa = PBXFileReference; lastKnownFileType = sourcecode.c.h; path = xmlmemory.h; sourceTree = "<group>"; };
		202ED9592CF0DAC600426644 /* xmlmodule.h */ = {isa = PBXFileReference; lastKnownFileType = sourcecode.c.h; path = xmlmodule.h; sourceTree = "<group>"; };
		202ED95A2CF0DAC600426644 /* xmlreader.h */ = {isa = PBXFileReference; lastKnownFileType = sourcecode.c.h; path = xmlreader.h; sourceTree = "<group>"; };
		202ED95B2CF0DAC600426644 /* xmlregexp.h */ = {isa = PBXFileReference; lastKnownFileType = sourcecode.c.h; path = xmlregexp.h; sourceTree = "<group>"; };
		202ED95C2CF0DAC600426644 /* xmlsave.h */ = {isa = PBXFileReference; lastKnownFileType = sourcecode.c.h; path = xmlsave.h; sourceTree = "<group>"; };
		202ED95D2CF0DAC600426644 /* xmlschemas.h */ = {isa = PBXFileReference; lastKnownFileType = sourcecode.c.h; path = xmlschemas.h; sourceTree = "<group>"; };
		202ED95E2CF0DAC600426644 /* xmlschemastypes.h */ = {isa = PBXFileReference; lastKnownFileType = sourcecode.c.h; path = xmlschemastypes.h; sourceTree = "<group>"; };
		202ED95F2CF0DAC600426644 /* xmlstring.h */ = {isa = PBXFileReference; lastKnownFileType = sourcecode.c.h; path = xmlstring.h; sourceTree = "<group>"; };
		202ED9602CF0DAC600426644 /* xmlunicode.h */ = {isa = PBXFileReference; lastKnownFileType = sourcecode.c.h; path = xmlunicode.h; sourceTree = "<group>"; };
		202ED9612CF0DAC600426644 /* xmlversion.h */ = {isa = PBXFileReference; lastKnownFileType = sourcecode.c.h; path = xmlversion.h; sourceTree = "<group>"; };
		202ED9622CF0DAC600426644 /* xmlwriter.h */ = {isa = PBXFileReference; lastKnownFileType = sourcecode.c.h; path = xmlwriter.h; sourceTree = "<group>"; };
		202ED9632CF0DAC600426644 /* xpath.h */ = {isa = PBXFileReference; lastKnownFileType = sourcecode.c.h; path = xpath.h; sourceTree = "<group>"; };
		202ED9642CF0DAC600426644 /* xpathInternals.h */ = {isa = PBXFileReference; lastKnownFileType = sourcecode.c.h; path = xpathInternals.h; sourceTree = "<group>"; };
		202ED9652CF0DAC600426644 /* xpointer.h */ = {isa = PBXFileReference; lastKnownFileType = sourcecode.c.h; path = xpointer.h; sourceTree = "<group>"; };
		202ED9682CF0DAC600426644 /* alphaindex.h */ = {isa = PBXFileReference; lastKnownFileType = sourcecode.c.h; path = alphaindex.h; sourceTree = "<group>"; };
		202ED9692CF0DAC600426644 /* appendable.h */ = {isa = PBXFileReference; lastKnownFileType = sourcecode.c.h; path = appendable.h; sourceTree = "<group>"; };
		202ED96A2CF0DAC600426644 /* basictz.h */ = {isa = PBXFileReference; lastKnownFileType = sourcecode.c.h; path = basictz.h; sourceTree = "<group>"; };
		202ED96B2CF0DAC600426644 /* brkiter.h */ = {isa = PBXFileReference; lastKnownFileType = sourcecode.c.h; path = brkiter.h; sourceTree = "<group>"; };
		202ED96C2CF0DAC600426644 /* bytestream.h */ = {isa = PBXFileReference; lastKnownFileType = sourcecode.c.h; path = bytestream.h; sourceTree = "<group>"; };
		202ED96D2CF0DAC600426644 /* bytestrie.h */ = {isa = PBXFileReference; lastKnownFileType = sourcecode.c.h; path = bytestrie.h; sourceTree = "<group>"; };
		202ED96E2CF0DAC600426644 /* bytestriebuilder.h */ = {isa = PBXFileReference; lastKnownFileType = sourcecode.c.h; path = bytestriebuilder.h; sourceTree = "<group>"; };
		202ED96F2CF0DAC600426644 /* calendar.h */ = {isa = PBXFileReference; lastKnownFileType = sourcecode.c.h; path = calendar.h; sourceTree = "<group>"; };
		202ED9702CF0DAC600426644 /* caniter.h */ = {isa = PBXFileReference; lastKnownFileType = sourcecode.c.h; path = caniter.h; sourceTree = "<group>"; };
		202ED9712CF0DAC600426644 /* casemap.h */ = {isa = PBXFileReference; lastKnownFileType = sourcecode.c.h; path = casemap.h; sourceTree = "<group>"; };
		202ED9722CF0DAC600426644 /* char16ptr.h */ = {isa = PBXFileReference; lastKnownFileType = sourcecode.c.h; path = char16ptr.h; sourceTree = "<group>"; };
		202ED9732CF0DAC600426644 /* chariter.h */ = {isa = PBXFileReference; lastKnownFileType = sourcecode.c.h; path = chariter.h; sourceTree = "<group>"; };
		202ED9742CF0DAC600426644 /* choicfmt.h */ = {isa = PBXFileReference; lastKnownFileType = sourcecode.c.h; path = choicfmt.h; sourceTree = "<group>"; };
		202ED9752CF0DAC600426644 /* coleitr.h */ = {isa = PBXFileReference; lastKnownFileType = sourcecode.c.h; path = coleitr.h; sourceTree = "<group>"; };
		202ED9762CF0DAC600426644 /* coll.h */ = {isa = PBXFileReference; lastKnownFileType = sourcecode.c.h; path = coll.h; sourceTree = "<group>"; };
		202ED9772CF0DAC600426644 /* compactdecimalformat.h */ = {isa = PBXFileReference; lastKnownFileType = sourcecode.c.h; path = compactdecimalformat.h; sourceTree = "<group>"; };
		202ED9782CF0DAC600426644 /* curramt.h */ = {isa = PBXFileReference; lastKnownFileType = sourcecode.c.h; path = curramt.h; sourceTree = "<group>"; };
		202ED9792CF0DAC600426644 /* currpinf.h */ = {isa = PBXFileReference; lastKnownFileType = sourcecode.c.h; path = currpinf.h; sourceTree = "<group>"; };
		202ED97A2CF0DAC600426644 /* currunit.h */ = {isa = PBXFileReference; lastKnownFileType = sourcecode.c.h; path = currunit.h; sourceTree = "<group>"; };
		202ED97B2CF0DAC600426644 /* datefmt.h */ = {isa = PBXFileReference; lastKnownFileType = sourcecode.c.h; path = datefmt.h; sourceTree = "<group>"; };
		202ED97C2CF0DAC600426644 /* dbbi.h */ = {isa = PBXFileReference; lastKnownFileType = sourcecode.c.h; path = dbbi.h; sourceTree = "<group>"; };
		202ED97D2CF0DAC600426644 /* dcfmtsym.h */ = {isa = PBXFileReference; lastKnownFileType = sourcecode.c.h; path = dcfmtsym.h; sourceTree = "<group>"; };
		202ED97E2CF0DAC600426644 /* decimfmt.h */ = {isa = PBXFileReference; lastKnownFileType = sourcecode.c.h; path = decimfmt.h; sourceTree = "<group>"; };
		202ED97F2CF0DAC600426644 /* displayoptions.h */ = {isa = PBXFileReference; lastKnownFileType = sourcecode.c.h; path = displayoptions.h; sourceTree = "<group>"; };
		202ED9802CF0DAC600426644 /* docmain.h */ = {isa = PBXFileReference; lastKnownFileType = sourcecode.c.h; path = docmain.h; sourceTree = "<group>"; };
		202ED9812CF0DAC600426644 /* dtfmtsym.h */ = {isa = PBXFileReference; lastKnownFileType = sourcecode.c.h; path = dtfmtsym.h; sourceTree = "<group>"; };
		202ED9822CF0DAC600426644 /* dtintrv.h */ = {isa = PBXFileReference; lastKnownFileType = sourcecode.c.h; path = dtintrv.h; sourceTree = "<group>"; };
		202ED9832CF0DAC600426644 /* dtitvfmt.h */ = {isa = PBXFileReference; lastKnownFileType = sourcecode.c.h; path = dtitvfmt.h; sourceTree = "<group>"; };
		202ED9842CF0DAC600426644 /* dtitvinf.h */ = {isa = PBXFileReference; lastKnownFileType = sourcecode.c.h; path = dtitvinf.h; sourceTree = "<group>"; };
		202ED9852CF0DAC600426644 /* dtptngen.h */ = {isa = PBXFileReference; lastKnownFileType = sourcecode.c.h; path = dtptngen.h; sourceTree = "<group>"; };
		202ED9862CF0DAC600426644 /* dtrule.h */ = {isa = PBXFileReference; lastKnownFileType = sourcecode.c.h; path = dtrule.h; sourceTree = "<group>"; };
		202ED9872CF0DAC600426644 /* edits.h */ = {isa = PBXFileReference; lastKnownFileType = sourcecode.c.h; path = edits.h; sourceTree = "<group>"; };
		202ED9882CF0DAC600426644 /* enumset.h */ = {isa = PBXFileReference; lastKnownFileType = sourcecode.c.h; path = enumset.h; sourceTree = "<group>"; };
		202ED9892CF0DAC600426644 /* errorcode.h */ = {isa = PBXFileReference; lastKnownFileType = sourcecode.c.h; path = errorcode.h; sourceTree = "<group>"; };
		202ED98A2CF0DAC600426644 /* fieldpos.h */ = {isa = PBXFileReference; lastKnownFileType = sourcecode.c.h; path = fieldpos.h; sourceTree = "<group>"; };
		202ED98B2CF0DAC600426644 /* filteredbrk.h */ = {isa = PBXFileReference; lastKnownFileType = sourcecode.c.h; path = filteredbrk.h; sourceTree = "<group>"; };
		202ED98C2CF0DAC600426644 /* fmtable.h */ = {isa = PBXFileReference; lastKnownFileType = sourcecode.c.h; path = fmtable.h; sourceTree = "<group>"; };
		202ED98D2CF0DAC600426644 /* format.h */ = {isa = PBXFileReference; lastKnownFileType = sourcecode.c.h; path = format.h; sourceTree = "<group>"; };
		202ED98E2CF0DAC600426644 /* formattednumber.h */ = {isa = PBXFileReference; lastKnownFileType = sourcecode.c.h; path = formattednumber.h; sourceTree = "<group>"; };
		202ED98F2CF0DAC600426644 /* formattedvalue.h */ = {isa = PBXFileReference; lastKnownFileType = sourcecode.c.h; path = formattedvalue.h; sourceTree = "<group>"; };
		202ED9902CF0DAC600426644 /* fpositer.h */ = {isa = PBXFileReference; lastKnownFileType = sourcecode.c.h; path = fpositer.h; sourceTree = "<group>"; };
		202ED9912CF0DAC600426644 /* gender.h */ = {isa = PBXFileReference; lastKnownFileType = sourcecode.c.h; path = gender.h; sourceTree = "<group>"; };
		202ED9922CF0DAC600426644 /* gregocal.h */ = {isa = PBXFileReference; lastKnownFileType = sourcecode.c.h; path = gregocal.h; sourceTree = "<group>"; };
		202ED9932CF0DAC600426644 /* icudataver.h */ = {isa = PBXFileReference; lastKnownFileType = sourcecode.c.h; path = icudataver.h; sourceTree = "<group>"; };
		202ED9942CF0DAC600426644 /* icuplug.h */ = {isa = PBXFileReference; lastKnownFileType = sourcecode.c.h; path = icuplug.h; sourceTree = "<group>"; };
		202ED9952CF0DAC600426644 /* idna.h */ = {isa = PBXFileReference; lastKnownFileType = sourcecode.c.h; path = idna.h; sourceTree = "<group>"; };
		202ED9962CF0DAC600426644 /* listformatter.h */ = {isa = PBXFileReference; lastKnownFileType = sourcecode.c.h; path = listformatter.h; sourceTree = "<group>"; };
		202ED9972CF0DAC600426644 /* localebuilder.h */ = {isa = PBXFileReference; lastKnownFileType = sourcecode.c.h; path = localebuilder.h; sourceTree = "<group>"; };
		202ED9982CF0DAC600426644 /* localematcher.h */ = {isa = PBXFileReference; lastKnownFileType = sourcecode.c.h; path = localematcher.h; sourceTree = "<group>"; };
		202ED9992CF0DAC600426644 /* localpointer.h */ = {isa = PBXFileReference; lastKnownFileType = sourcecode.c.h; path = localpointer.h; sourceTree = "<group>"; };
		202ED99A2CF0DAC600426644 /* locdspnm.h */ = {isa = PBXFileReference; lastKnownFileType = sourcecode.c.h; path = locdspnm.h; sourceTree = "<group>"; };
		202ED99B2CF0DAC600426644 /* locid.h */ = {isa = PBXFileReference; lastKnownFileType = sourcecode.c.h; path = locid.h; sourceTree = "<group>"; };
		202ED99C2CF0DAC600426644 /* measfmt.h */ = {isa = PBXFileReference; lastKnownFileType = sourcecode.c.h; path = measfmt.h; sourceTree = "<group>"; };
		202ED99D2CF0DAC600426644 /* measunit.h */ = {isa = PBXFileReference; lastKnownFileType = sourcecode.c.h; path = measunit.h; sourceTree = "<group>"; };
		202ED99E2CF0DAC600426644 /* measure.h */ = {isa = PBXFileReference; lastKnownFileType = sourcecode.c.h; path = measure.h; sourceTree = "<group>"; };
		202ED99F2CF0DAC600426644 /* messagepattern.h */ = {isa = PBXFileReference; lastKnownFileType = sourcecode.c.h; path = messagepattern.h; sourceTree = "<group>"; };
		202ED9A02CF0DAC600426644 /* msgfmt.h */ = {isa = PBXFileReference; lastKnownFileType = sourcecode.c.h; path = msgfmt.h; sourceTree = "<group>"; };
		202ED9A12CF0DAC600426644 /* normalizer2.h */ = {isa = PBXFileReference; lastKnownFileType = sourcecode.c.h; path = normalizer2.h; sourceTree = "<group>"; };
		202ED9A22CF0DAC600426644 /* normlzr.h */ = {isa = PBXFileReference; lastKnownFileType = sourcecode.c.h; path = normlzr.h; sourceTree = "<group>"; };
		202ED9A32CF0DAC600426644 /* nounit.h */ = {isa = PBXFileReference; lastKnownFileType = sourcecode.c.h; path = nounit.h; sourceTree = "<group>"; };
		202ED9A42CF0DAC600426644 /* numberformatter.h */ = {isa = PBXFileReference; lastKnownFileType = sourcecode.c.h; path = numberformatter.h; sourceTree = "<group>"; };
		202ED9A52CF0DAC600426644 /* numberrangeformatter.h */ = {isa = PBXFileReference; lastKnownFileType = sourcecode.c.h; path = numberrangeformatter.h; sourceTree = "<group>"; };
		202ED9A62CF0DAC600426644 /* numfmt.h */ = {isa = PBXFileReference; lastKnownFileType = sourcecode.c.h; path = numfmt.h; sourceTree = "<group>"; };
		202ED9A72CF0DAC600426644 /* numsys.h */ = {isa = PBXFileReference; lastKnownFileType = sourcecode.c.h; path = numsys.h; sourceTree = "<group>"; };
		202ED9A82CF0DAC600426644 /* parseerr.h */ = {isa = PBXFileReference; lastKnownFileType = sourcecode.c.h; path = parseerr.h; sourceTree = "<group>"; };
		202ED9A92CF0DAC600426644 /* parsepos.h */ = {isa = PBXFileReference; lastKnownFileType = sourcecode.c.h; path = parsepos.h; sourceTree = "<group>"; };
		202ED9AA2CF0DAC600426644 /* platform.h */ = {isa = PBXFileReference; lastKnownFileType = sourcecode.c.h; path = platform.h; sourceTree = "<group>"; };
		202ED9AB2CF0DAC600426644 /* plurfmt.h */ = {isa = PBXFileReference; lastKnownFileType = sourcecode.c.h; path = plurfmt.h; sourceTree = "<group>"; };
		202ED9AC2CF0DAC600426644 /* plurrule.h */ = {isa = PBXFileReference; lastKnownFileType = sourcecode.c.h; path = plurrule.h; sourceTree = "<group>"; };
		202ED9AD2CF0DAC600426644 /* ptypes.h */ = {isa = PBXFileReference; lastKnownFileType = sourcecode.c.h; path = ptypes.h; sourceTree = "<group>"; };
		202ED9AE2CF0DAC600426644 /* putil.h */ = {isa = PBXFileReference; lastKnownFileType = sourcecode.c.h; path = putil.h; sourceTree = "<group>"; };
		202ED9AF2CF0DAC600426644 /* rbbi.h */ = {isa = PBXFileReference; lastKnownFileType = sourcecode.c.h; path = rbbi.h; sourceTree = "<group>"; };
		202ED9B02CF0DAC600426644 /* rbnf.h */ = {isa = PBXFileReference; lastKnownFileType = sourcecode.c.h; path = rbnf.h; sourceTree = "<group>"; };
		202ED9B12CF0DAC600426644 /* rbtz.h */ = {isa = PBXFileReference; lastKnownFileType = sourcecode.c.h; path = rbtz.h; sourceTree = "<group>"; };
		202ED9B22CF0DAC600426644 /* regex.h */ = {isa = PBXFileReference; lastKnownFileType = sourcecode.c.h; path = regex.h; sourceTree = "<group>"; };
		202ED9B32CF0DAC600426644 /* region.h */ = {isa = PBXFileReference; lastKnownFileType = sourcecode.c.h; path = region.h; sourceTree = "<group>"; };
		202ED9B42CF0DAC600426644 /* reldatefmt.h */ = {isa = PBXFileReference; lastKnownFileType = sourcecode.c.h; path = reldatefmt.h; sourceTree = "<group>"; };
		202ED9B52CF0DAC600426644 /* rep.h */ = {isa = PBXFileReference; lastKnownFileType = sourcecode.c.h; path = rep.h; sourceTree = "<group>"; };
		202ED9B62CF0DAC600426644 /* resbund.h */ = {isa = PBXFileReference; lastKnownFileType = sourcecode.c.h; path = resbund.h; sourceTree = "<group>"; };
		202ED9B72CF0DAC600426644 /* schriter.h */ = {isa = PBXFileReference; lastKnownFileType = sourcecode.c.h; path = schriter.h; sourceTree = "<group>"; };
		202ED9B82CF0DAC600426644 /* scientificnumberformatter.h */ = {isa = PBXFileReference; lastKnownFileType = sourcecode.c.h; path = scientificnumberformatter.h; sourceTree = "<group>"; };
		202ED9B92CF0DAC600426644 /* search.h */ = {isa = PBXFileReference; lastKnownFileType = sourcecode.c.h; path = search.h; sourceTree = "<group>"; };
		202ED9BA2CF0DAC600426644 /* selfmt.h */ = {isa = PBXFileReference; lastKnownFileType = sourcecode.c.h; path = selfmt.h; sourceTree = "<group>"; };
		202ED9BB2CF0DAC600426644 /* simpleformatter.h */ = {isa = PBXFileReference; lastKnownFileType = sourcecode.c.h; path = simpleformatter.h; sourceTree = "<group>"; };
		202ED9BC2CF0DAC600426644 /* simplenumberformatter.h */ = {isa = PBXFileReference; lastKnownFileType = sourcecode.c.h; path = simplenumberformatter.h; sourceTree = "<group>"; };
		202ED9BD2CF0DAC600426644 /* simpletz.h */ = {isa = PBXFileReference; lastKnownFileType = sourcecode.c.h; path = simpletz.h; sourceTree = "<group>"; };
		202ED9BE2CF0DAC600426644 /* smpdtfmt.h */ = {isa = PBXFileReference; lastKnownFileType = sourcecode.c.h; path = smpdtfmt.h; sourceTree = "<group>"; };
		202ED9BF2CF0DAC600426644 /* sortkey.h */ = {isa = PBXFileReference; lastKnownFileType = sourcecode.c.h; path = sortkey.h; sourceTree = "<group>"; };
		202ED9C02CF0DAC600426644 /* std_string.h */ = {isa = PBXFileReference; lastKnownFileType = sourcecode.c.h; path = std_string.h; sourceTree = "<group>"; };
		202ED9C12CF0DAC600426644 /* strenum.h */ = {isa = PBXFileReference; lastKnownFileType = sourcecode.c.h; path = strenum.h; sourceTree = "<group>"; };
		202ED9C22CF0DAC600426644 /* stringoptions.h */ = {isa = PBXFileReference; lastKnownFileType = sourcecode.c.h; path = stringoptions.h; sourceTree = "<group>"; };
		202ED9C32CF0DAC600426644 /* stringpiece.h */ = {isa = PBXFileReference; lastKnownFileType = sourcecode.c.h; path = stringpiece.h; sourceTree = "<group>"; };
		202ED9C42CF0DAC600426644 /* stringtriebuilder.h */ = {isa = PBXFileReference; lastKnownFileType = sourcecode.c.h; path = stringtriebuilder.h; sourceTree = "<group>"; };
		202ED9C52CF0DAC600426644 /* stsearch.h */ = {isa = PBXFileReference; lastKnownFileType = sourcecode.c.h; path = stsearch.h; sourceTree = "<group>"; };
		202ED9C62CF0DAC600426644 /* symtable.h */ = {isa = PBXFileReference; lastKnownFileType = sourcecode.c.h; path = symtable.h; sourceTree = "<group>"; };
		202ED9C72CF0DAC600426644 /* tblcoll.h */ = {isa = PBXFileReference; lastKnownFileType = sourcecode.c.h; path = tblcoll.h; sourceTree = "<group>"; };
		202ED9C82CF0DAC600426644 /* timezone.h */ = {isa = PBXFileReference; lastKnownFileType = sourcecode.c.h; path = timezone.h; sourceTree = "<group>"; };
		202ED9C92CF0DAC600426644 /* tmunit.h */ = {isa = PBXFileReference; lastKnownFileType = sourcecode.c.h; path = tmunit.h; sourceTree = "<group>"; };
		202ED9CA2CF0DAC600426644 /* tmutamt.h */ = {isa = PBXFileReference; lastKnownFileType = sourcecode.c.h; path = tmutamt.h; sourceTree = "<group>"; };
		202ED9CB2CF0DAC600426644 /* tmutfmt.h */ = {isa = PBXFileReference; lastKnownFileType = sourcecode.c.h; path = tmutfmt.h; sourceTree = "<group>"; };
		202ED9CC2CF0DAC600426644 /* translit.h */ = {isa = PBXFileReference; lastKnownFileType = sourcecode.c.h; path = translit.h; sourceTree = "<group>"; };
		202ED9CD2CF0DAC600426644 /* tzfmt.h */ = {isa = PBXFileReference; lastKnownFileType = sourcecode.c.h; path = tzfmt.h; sourceTree = "<group>"; };
		202ED9CE2CF0DAC600426644 /* tznames.h */ = {isa = PBXFileReference; lastKnownFileType = sourcecode.c.h; path = tznames.h; sourceTree = "<group>"; };
		202ED9CF2CF0DAC600426644 /* tzrule.h */ = {isa = PBXFileReference; lastKnownFileType = sourcecode.c.h; path = tzrule.h; sourceTree = "<group>"; };
		202ED9D02CF0DAC600426644 /* tztrans.h */ = {isa = PBXFileReference; lastKnownFileType = sourcecode.c.h; path = tztrans.h; sourceTree = "<group>"; };
		202ED9D12CF0DAC600426644 /* ubidi.h */ = {isa = PBXFileReference; lastKnownFileType = sourcecode.c.h; path = ubidi.h; sourceTree = "<group>"; };
		202ED9D22CF0DAC600426644 /* ubiditransform.h */ = {isa = PBXFileReference; lastKnownFileType = sourcecode.c.h; path = ubiditransform.h; sourceTree = "<group>"; };
		202ED9D32CF0DAC600426644 /* ubrk.h */ = {isa = PBXFileReference; lastKnownFileType = sourcecode.c.h; path = ubrk.h; sourceTree = "<group>"; };
		202ED9D42CF0DAC600426644 /* ucal.h */ = {isa = PBXFileReference; lastKnownFileType = sourcecode.c.h; path = ucal.h; sourceTree = "<group>"; };
		202ED9D52CF0DAC600426644 /* ucasemap.h */ = {isa = PBXFileReference; lastKnownFileType = sourcecode.c.h; path = ucasemap.h; sourceTree = "<group>"; };
		202ED9D62CF0DAC600426644 /* ucat.h */ = {isa = PBXFileReference; lastKnownFileType = sourcecode.c.h; path = ucat.h; sourceTree = "<group>"; };
		202ED9D72CF0DAC600426644 /* uchar.h */ = {isa = PBXFileReference; lastKnownFileType = sourcecode.c.h; path = uchar.h; sourceTree = "<group>"; };
		202ED9D82CF0DAC600426644 /* ucharstrie.h */ = {isa = PBXFileReference; lastKnownFileType = sourcecode.c.h; path = ucharstrie.h; sourceTree = "<group>"; };
		202ED9D92CF0DAC600426644 /* ucharstriebuilder.h */ = {isa = PBXFileReference; lastKnownFileType = sourcecode.c.h; path = ucharstriebuilder.h; sourceTree = "<group>"; };
		202ED9DA2CF0DAC600426644 /* uchriter.h */ = {isa = PBXFileReference; lastKnownFileType = sourcecode.c.h; path = uchriter.h; sourceTree = "<group>"; };
		202ED9DB2CF0DAC600426644 /* uclean.h */ = {isa = PBXFileReference; lastKnownFileType = sourcecode.c.h; path = uclean.h; sourceTree = "<group>"; };
		202ED9DC2CF0DAC600426644 /* ucnv.h */ = {isa = PBXFileReference; lastKnownFileType = sourcecode.c.h; path = ucnv.h; sourceTree = "<group>"; };
		202ED9DD2CF0DAC600426644 /* ucnv_cb.h */ = {isa = PBXFileReference; lastKnownFileType = sourcecode.c.h; path = ucnv_cb.h; sourceTree = "<group>"; };
		202ED9DE2CF0DAC600426644 /* ucnv_err.h */ = {isa = PBXFileReference; lastKnownFileType = sourcecode.c.h; path = ucnv_err.h; sourceTree = "<group>"; };
		202ED9DF2CF0DAC600426644 /* ucnvsel.h */ = {isa = PBXFileReference; lastKnownFileType = sourcecode.c.h; path = ucnvsel.h; sourceTree = "<group>"; };
		202ED9E02CF0DAC600426644 /* ucol.h */ = {isa = PBXFileReference; lastKnownFileType = sourcecode.c.h; path = ucol.h; sourceTree = "<group>"; };
		202ED9E12CF0DAC600426644 /* ucoleitr.h */ = {isa = PBXFileReference; lastKnownFileType = sourcecode.c.h; path = ucoleitr.h; sourceTree = "<group>"; };
		202ED9E22CF0DAC600426644 /* uconfig.h */ = {isa = PBXFileReference; lastKnownFileType = sourcecode.c.h; path = uconfig.h; sourceTree = "<group>"; };
		202ED9E32CF0DAC600426644 /* ucpmap.h */ = {isa = PBXFileReference; lastKnownFileType = sourcecode.c.h; path = ucpmap.h; sourceTree = "<group>"; };
		202ED9E42CF0DAC600426644 /* ucptrie.h */ = {isa = PBXFileReference; lastKnownFileType = sourcecode.c.h; path = ucptrie.h; sourceTree = "<group>"; };
		202ED9E52CF0DAC600426644 /* ucsdet.h */ = {isa = PBXFileReference; lastKnownFileType = sourcecode.c.h; path = ucsdet.h; sourceTree = "<group>"; };
		202ED9E62CF0DAC600426644 /* ucurr.h */ = {isa = PBXFileReference; lastKnownFileType = sourcecode.c.h; path = ucurr.h; sourceTree = "<group>"; };
		202ED9E72CF0DAC600426644 /* udat.h */ = {isa = PBXFileReference; lastKnownFileType = sourcecode.c.h; path = udat.h; sourceTree = "<group>"; };
		202ED9E82CF0DAC600426644 /* udata.h */ = {isa = PBXFileReference; lastKnownFileType = sourcecode.c.h; path = udata.h; sourceTree = "<group>"; };
		202ED9E92CF0DAC600426644 /* udateintervalformat.h */ = {isa = PBXFileReference; lastKnownFileType = sourcecode.c.h; path = udateintervalformat.h; sourceTree = "<group>"; };
		202ED9EA2CF0DAC600426644 /* udatpg.h */ = {isa = PBXFileReference; lastKnownFileType = sourcecode.c.h; path = udatpg.h; sourceTree = "<group>"; };
		202ED9EB2CF0DAC600426644 /* udisplaycontext.h */ = {isa = PBXFileReference; lastKnownFileType = sourcecode.c.h; path = udisplaycontext.h; sourceTree = "<group>"; };
		202ED9EC2CF0DAC600426644 /* udisplayoptions.h */ = {isa = PBXFileReference; lastKnownFileType = sourcecode.c.h; path = udisplayoptions.h; sourceTree = "<group>"; };
		202ED9ED2CF0DAC600426644 /* uenum.h */ = {isa = PBXFileReference; lastKnownFileType = sourcecode.c.h; path = uenum.h; sourceTree = "<group>"; };
		202ED9EE2CF0DAC600426644 /* ufieldpositer.h */ = {isa = PBXFileReference; lastKnownFileType = sourcecode.c.h; path = ufieldpositer.h; sourceTree = "<group>"; };
		202ED9EF2CF0DAC600426644 /* uformattable.h */ = {isa = PBXFileReference; lastKnownFileType = sourcecode.c.h; path = uformattable.h; sourceTree = "<group>"; };
		202ED9F02CF0DAC600426644 /* uformattednumber.h */ = {isa = PBXFileReference; lastKnownFileType = sourcecode.c.h; path = uformattednumber.h; sourceTree = "<group>"; };
		202ED9F12CF0DAC600426644 /* uformattedvalue.h */ = {isa = PBXFileReference; lastKnownFileType = sourcecode.c.h; path = uformattedvalue.h; sourceTree = "<group>"; };
		202ED9F22CF0DAC600426644 /* ugender.h */ = {isa = PBXFileReference; lastKnownFileType = sourcecode.c.h; path = ugender.h; sourceTree = "<group>"; };
		202ED9F32CF0DAC600426644 /* uidna.h */ = {isa = PBXFileReference; lastKnownFileType = sourcecode.c.h; path = uidna.h; sourceTree = "<group>"; };
		202ED9F42CF0DAC600426644 /* uiter.h */ = {isa = PBXFileReference; lastKnownFileType = sourcecode.c.h; path = uiter.h; sourceTree = "<group>"; };
		202ED9F52CF0DAC600426644 /* uldnames.h */ = {isa = PBXFileReference; lastKnownFileType = sourcecode.c.h; path = uldnames.h; sourceTree = "<group>"; };
		202ED9F62CF0DAC600426644 /* ulistformatter.h */ = {isa = PBXFileReference; lastKnownFileType = sourcecode.c.h; path = ulistformatter.h; sourceTree = "<group>"; };
		202ED9F72CF0DAC600426644 /* uloc.h */ = {isa = PBXFileReference; lastKnownFileType = sourcecode.c.h; path = uloc.h; sourceTree = "<group>"; };
		202ED9F82CF0DAC600426644 /* ulocale.h */ = {isa = PBXFileReference; lastKnownFileType = sourcecode.c.h; path = ulocale.h; sourceTree = "<group>"; };
		202ED9F92CF0DAC600426644 /* ulocbuilder.h */ = {isa = PBXFileReference; lastKnownFileType = sourcecode.c.h; path = ulocbuilder.h; sourceTree = "<group>"; };
		202ED9FA2CF0DAC600426644 /* ulocdata.h */ = {isa = PBXFileReference; lastKnownFileType = sourcecode.c.h; path = ulocdata.h; sourceTree = "<group>"; };
		202ED9FB2CF0DAC600426644 /* umachine.h */ = {isa = PBXFileReference; lastKnownFileType = sourcecode.c.h; path = umachine.h; sourceTree = "<group>"; };
		202ED9FC2CF0DAC600426644 /* umisc.h */ = {isa = PBXFileReference; lastKnownFileType = sourcecode.c.h; path = umisc.h; sourceTree = "<group>"; };
		202ED9FD2CF0DAC600426644 /* umsg.h */ = {isa = PBXFileReference; lastKnownFileType = sourcecode.c.h; path = umsg.h; sourceTree = "<group>"; };
		202ED9FE2CF0DAC600426644 /* umutablecptrie.h */ = {isa = PBXFileReference; lastKnownFileType = sourcecode.c.h; path = umutablecptrie.h; sourceTree = "<group>"; };
		202ED9FF2CF0DAC600426644 /* unifilt.h */ = {isa = PBXFileReference; lastKnownFileType = sourcecode.c.h; path = unifilt.h; sourceTree = "<group>"; };
		202EDA002CF0DAC600426644 /* unifunct.h */ = {isa = PBXFileReference; lastKnownFileType = sourcecode.c.h; path = unifunct.h; sourceTree = "<group>"; };
		202EDA012CF0DAC600426644 /* unimatch.h */ = {isa = PBXFileReference; lastKnownFileType = sourcecode.c.h; path = unimatch.h; sourceTree = "<group>"; };
		202EDA022CF0DAC600426644 /* unirepl.h */ = {isa = PBXFileReference; lastKnownFileType = sourcecode.c.h; path = unirepl.h; sourceTree = "<group>"; };
		202EDA032CF0DAC600426644 /* uniset.h */ = {isa = PBXFileReference; lastKnownFileType = sourcecode.c.h; path = uniset.h; sourceTree = "<group>"; };
		202EDA042CF0DAC600426644 /* unistr.h */ = {isa = PBXFileReference; lastKnownFileType = sourcecode.c.h; path = unistr.h; sourceTree = "<group>"; };
		202EDA052CF0DAC600426644 /* unorm.h */ = {isa = PBXFileReference; lastKnownFileType = sourcecode.c.h; path = unorm.h; sourceTree = "<group>"; };
		202EDA062CF0DAC600426644 /* unorm2.h */ = {isa = PBXFileReference; lastKnownFileType = sourcecode.c.h; path = unorm2.h; sourceTree = "<group>"; };
		202EDA072CF0DAC600426644 /* unum.h */ = {isa = PBXFileReference; lastKnownFileType = sourcecode.c.h; path = unum.h; sourceTree = "<group>"; };
		202EDA082CF0DAC600426644 /* unumberformatter.h */ = {isa = PBXFileReference; lastKnownFileType = sourcecode.c.h; path = unumberformatter.h; sourceTree = "<group>"; };
		202EDA092CF0DAC600426644 /* unumberoptions.h */ = {isa = PBXFileReference; lastKnownFileType = sourcecode.c.h; path = unumberoptions.h; sourceTree = "<group>"; };
		202EDA0A2CF0DAC600426644 /* unumberrangeformatter.h */ = {isa = PBXFileReference; lastKnownFileType = sourcecode.c.h; path = unumberrangeformatter.h; sourceTree = "<group>"; };
		202EDA0B2CF0DAC600426644 /* unumsys.h */ = {isa = PBXFileReference; lastKnownFileType = sourcecode.c.h; path = unumsys.h; sourceTree = "<group>"; };
		202EDA0C2CF0DAC600426644 /* uobject.h */ = {isa = PBXFileReference; lastKnownFileType = sourcecode.c.h; path = uobject.h; sourceTree = "<group>"; };
		202EDA0D2CF0DAC600426644 /* upluralrules.h */ = {isa = PBXFileReference; lastKnownFileType = sourcecode.c.h; path = upluralrules.h; sourceTree = "<group>"; };
		202EDA0E2CF0DAC600426644 /* uregex.h */ = {isa = PBXFileReference; lastKnownFileType = sourcecode.c.h; path = uregex.h; sourceTree = "<group>"; };
		202EDA0F2CF0DAC600426644 /* uregion.h */ = {isa = PBXFileReference; lastKnownFileType = sourcecode.c.h; path = uregion.h; sourceTree = "<group>"; };
		202EDA102CF0DAC600426644 /* ureldatefmt.h */ = {isa = PBXFileReference; lastKnownFileType = sourcecode.c.h; path = ureldatefmt.h; sourceTree = "<group>"; };
		202EDA112CF0DAC600426644 /* urename.h */ = {isa = PBXFileReference; lastKnownFileType = sourcecode.c.h; path = urename.h; sourceTree = "<group>"; };
		202EDA122CF0DAC600426644 /* urep.h */ = {isa = PBXFileReference; lastKnownFileType = sourcecode.c.h; path = urep.h; sourceTree = "<group>"; };
		202EDA132CF0DAC600426644 /* ures.h */ = {isa = PBXFileReference; lastKnownFileType = sourcecode.c.h; path = ures.h; sourceTree = "<group>"; };
		202EDA142CF0DAC600426644 /* uscript.h */ = {isa = PBXFileReference; lastKnownFileType = sourcecode.c.h; path = uscript.h; sourceTree = "<group>"; };
		202EDA152CF0DAC600426644 /* usearch.h */ = {isa = PBXFileReference; lastKnownFileType = sourcecode.c.h; path = usearch.h; sourceTree = "<group>"; };
		202EDA162CF0DAC600426644 /* uset.h */ = {isa = PBXFileReference; lastKnownFileType = sourcecode.c.h; path = uset.h; sourceTree = "<group>"; };
		202EDA172CF0DAC600426644 /* usetiter.h */ = {isa = PBXFileReference; lastKnownFileType = sourcecode.c.h; path = usetiter.h; sourceTree = "<group>"; };
		202EDA182CF0DAC600426644 /* ushape.h */ = {isa = PBXFileReference; lastKnownFileType = sourcecode.c.h; path = ushape.h; sourceTree = "<group>"; };
		202EDA192CF0DAC600426644 /* usimplenumberformatter.h */ = {isa = PBXFileReference; lastKnownFileType = sourcecode.c.h; path = usimplenumberformatter.h; sourceTree = "<group>"; };
		202EDA1A2CF0DAC600426644 /* uspoof.h */ = {isa = PBXFileReference; lastKnownFileType = sourcecode.c.h; path = uspoof.h; sourceTree = "<group>"; };
		202EDA1B2CF0DAC600426644 /* usprep.h */ = {isa = PBXFileReference; lastKnownFileType = sourcecode.c.h; path = usprep.h; sourceTree = "<group>"; };
		202EDA1C2CF0DAC600426644 /* ustdio.h */ = {isa = PBXFileReference; lastKnownFileType = sourcecode.c.h; path = ustdio.h; sourceTree = "<group>"; };
		202EDA1D2CF0DAC600426644 /* ustream.h */ = {isa = PBXFileReference; lastKnownFileType = sourcecode.c.h; path = ustream.h; sourceTree = "<group>"; };
		202EDA1E2CF0DAC600426644 /* ustring.h */ = {isa = PBXFileReference; lastKnownFileType = sourcecode.c.h; path = ustring.h; sourceTree = "<group>"; };
		202EDA1F2CF0DAC600426644 /* ustringtrie.h */ = {isa = PBXFileReference; lastKnownFileType = sourcecode.c.h; path = ustringtrie.h; sourceTree = "<group>"; };
		202EDA202CF0DAC600426644 /* utext.h */ = {isa = PBXFileReference; lastKnownFileType = sourcecode.c.h; path = utext.h; sourceTree = "<group>"; };
		202EDA212CF0DAC600426644 /* utf.h */ = {isa = PBXFileReference; lastKnownFileType = sourcecode.c.h; path = utf.h; sourceTree = "<group>"; };
		202EDA222CF0DAC600426644 /* utf_old.h */ = {isa = PBXFileReference; lastKnownFileType = sourcecode.c.h; path = utf_old.h; sourceTree = "<group>"; };
		202EDA232CF0DAC600426644 /* utf8.h */ = {isa = PBXFileReference; lastKnownFileType = sourcecode.c.h; path = utf8.h; sourceTree = "<group>"; };
		202EDA242CF0DAC600426644 /* utf16.h */ = {isa = PBXFileReference; lastKnownFileType = sourcecode.c.h; path = utf16.h; sourceTree = "<group>"; };
		202EDA252CF0DAC600426644 /* utf32.h */ = {isa = PBXFileReference; lastKnownFileType = sourcecode.c.h; path = utf32.h; sourceTree = "<group>"; };
		202EDA262CF0DAC600426644 /* utmscale.h */ = {isa = PBXFileReference; lastKnownFileType = sourcecode.c.h; path = utmscale.h; sourceTree = "<group>"; };
		202EDA272CF0DAC600426644 /* utrace.h */ = {isa = PBXFileReference; lastKnownFileType = sourcecode.c.h; path = utrace.h; sourceTree = "<group>"; };
		202EDA282CF0DAC600426644 /* utrans.h */ = {isa = PBXFileReference; lastKnownFileType = sourcecode.c.h; path = utrans.h; sourceTree = "<group>"; };
		202EDA292CF0DAC600426644 /* utypes.h */ = {isa = PBXFileReference; lastKnownFileType = sourcecode.c.h; path = utypes.h; sourceTree = "<group>"; };
		202EDA2A2CF0DAC600426644 /* uvernum.h */ = {isa = PBXFileReference; lastKnownFileType = sourcecode.c.h; path = uvernum.h; sourceTree = "<group>"; };
		202EDA2B2CF0DAC600426644 /* uversion.h */ = {isa = PBXFileReference; lastKnownFileType = sourcecode.c.h; path = uversion.h; sourceTree = "<group>"; };
		202EDA2C2CF0DAC600426644 /* vtzone.h */ = {isa = PBXFileReference; lastKnownFileType = sourcecode.c.h; path = vtzone.h; sourceTree = "<group>"; };
		202EDA2E2CF0DAC600426644 /* gmp.h */ = {isa = PBXFileReference; lastKnownFileType = sourcecode.c.h; path = gmp.h; sourceTree = "<group>"; };
		202EDA2F2CF0DAC600426644 /* gmpxx.h */ = {isa = PBXFileReference; lastKnownFileType = sourcecode.c.h; path = gmpxx.h; sourceTree = "<group>"; };
		202EDA302CF0DAC600426644 /* mpf2mpfr.h */ = {isa = PBXFileReference; lastKnownFileType = sourcecode.c.h; path = mpf2mpfr.h; sourceTree = "<group>"; };
		202EDA312CF0DAC600426644 /* mpfr.h */ = {isa = PBXFileReference; lastKnownFileType = sourcecode.c.h; path = mpfr.h; sourceTree = "<group>"; };
		202EDA332CF0DAC600426644 /* libqalculate.pc */ = {isa = PBXFileReference; lastKnownFileType = text; path = libqalculate.pc; sourceTree = "<group>"; };
		202EDA352CF0DAC600426644 /* libqalculate.a */ = {isa = PBXFileReference; lastKnownFileType = archive.ar; path = libqalculate.a; sourceTree = "<group>"; };
		202EDA362CF0DAC600426644 /* libqalculate.la */ = {isa = PBXFileReference; lastKnownFileType = text; path = libqalculate.la; sourceTree = "<group>"; };
		202EDA382CF0DAC600426644 /* propagated-build-inputs */ = {isa = PBXFileReference; lastKnownFileType = text; path = "propagated-build-inputs"; sourceTree = "<group>"; };
		202EDA3A2CF0DAC600426644 /* bc_s.png */ = {isa = PBXFileReference; lastKnownFileType = image.png; path = bc_s.png; sourceTree = "<group>"; };
		202EDA3B2CF0DAC600426644 /* bc_sd.png */ = {isa = PBXFileReference; lastKnownFileType = image.png; path = bc_sd.png; sourceTree = "<group>"; };
		202EDA3C2CF0DAC600426644 /* clipboard.js */ = {isa = PBXFileReference; lastKnownFileType = sourcecode.javascript; path = clipboard.js; sourceTree = "<group>"; };
		202EDA3D2CF0DAC600426644 /* closed.png */ = {isa = PBXFileReference; lastKnownFileType = image.png; path = closed.png; sourceTree = "<group>"; };
		202EDA3E2CF0DAC600426644 /* doxygen.css */ = {isa = PBXFileReference; lastKnownFileType = text.css; path = doxygen.css; sourceTree = "<group>"; };
		202EDA3F2CF0DAC600426644 /* doxygen_crawl.html */ = {isa = PBXFileReference; lastKnownFileType = text.html; path = doxygen_crawl.html; sourceTree = "<group>"; };
		202EDA402CF0DAC600426644 /* dynsections.js */ = {isa = PBXFileReference; lastKnownFileType = sourcecode.javascript; path = dynsections.js; sourceTree = "<group>"; };
		202EDA412CF0DAC600426644 /* index.html */ = {isa = PBXFileReference; lastKnownFileType = text.html; path = index.html; sourceTree = "<group>"; };
		202EDA422CF0DAC600426644 /* jquery.js */ = {isa = PBXFileReference; lastKnownFileType = sourcecode.javascript; path = jquery.js; sourceTree = "<group>"; };
		202EDA432CF0DAC600426644 /* menu.js */ = {isa = PBXFileReference; lastKnownFileType = sourcecode.javascript; path = menu.js; sourceTree = "<group>"; };
		202EDA442CF0DAC600426644 /* menudata.js */ = {isa = PBXFileReference; lastKnownFileType = sourcecode.javascript; path = menudata.js; sourceTree = "<group>"; };
		202EDA452CF0DAC600426644 /* nav_f.png */ = {isa = PBXFileReference; lastKnownFileType = image.png; path = nav_f.png; sourceTree = "<group>"; };
		202EDA462CF0DAC600426644 /* nav_fd.png */ = {isa = PBXFileReference; lastKnownFileType = image.png; path = nav_fd.png; sourceTree = "<group>"; };
		202EDA472CF0DAC600426644 /* nav_g.png */ = {isa = PBXFileReference; lastKnownFileType = image.png; path = nav_g.png; sourceTree = "<group>"; };
		202EDA482CF0DAC600426644 /* nav_h.png */ = {isa = PBXFileReference; lastKnownFileType = image.png; path = nav_h.png; sourceTree = "<group>"; };
		202EDA492CF0DAC600426644 /* nav_hd.png */ = {isa = PBXFileReference; lastKnownFileType = image.png; path = nav_hd.png; sourceTree = "<group>"; };
		202EDA4A2CF0DAC600426644 /* open.png */ = {isa = PBXFileReference; lastKnownFileType = image.png; path = open.png; sourceTree = "<group>"; };
		202EDA4B2CF0DAC600426644 /* splitbar.png */ = {isa = PBXFileReference; lastKnownFileType = image.png; path = splitbar.png; sourceTree = "<group>"; };
		202EDA4C2CF0DAC600426644 /* splitbard.png */ = {isa = PBXFileReference; lastKnownFileType = image.png; path = splitbard.png; sourceTree = "<group>"; };
		202EDA4D2CF0DAC600426644 /* sync_off.png */ = {isa = PBXFileReference; lastKnownFileType = image.png; path = sync_off.png; sourceTree = "<group>"; };
		202EDA4E2CF0DAC600426644 /* sync_on.png */ = {isa = PBXFileReference; lastKnownFileType = image.png; path = sync_on.png; sourceTree = "<group>"; };
		202EDA4F2CF0DAC600426644 /* tab_a.png */ = {isa = PBXFileReference; lastKnownFileType = image.png; path = tab_a.png; sourceTree = "<group>"; };
		202EDA502CF0DAC600426644 /* tab_ad.png */ = {isa = PBXFileReference; lastKnownFileType = image.png; path = tab_ad.png; sourceTree = "<group>"; };
		202EDA512CF0DAC600426644 /* tab_b.png */ = {isa = PBXFileReference; lastKnownFileType = image.png; path = tab_b.png; sourceTree = "<group>"; };
		202EDA522CF0DAC600426644 /* tab_bd.png */ = {isa = PBXFileReference; lastKnownFileType = image.png; path = tab_bd.png; sourceTree = "<group>"; };
		202EDA532CF0DAC600426644 /* tab_h.png */ = {isa = PBXFileReference; lastKnownFileType = image.png; path = tab_h.png; sourceTree = "<group>"; };
		202EDA542CF0DAC600426644 /* tab_hd.png */ = {isa = PBXFileReference; lastKnownFileType = image.png; path = tab_hd.png; sourceTree = "<group>"; };
		202EDA552CF0DAC600426644 /* tab_s.png */ = {isa = PBXFileReference; lastKnownFileType = image.png; path = tab_s.png; sourceTree = "<group>"; };
		202EDA562CF0DAC600426644 /* tab_sd.png */ = {isa = PBXFileReference; lastKnownFileType = image.png; path = tab_sd.png; sourceTree = "<group>"; };
		202EDA572CF0DAC600426644 /* tabs.css */ = {isa = PBXFileReference; lastKnownFileType = text.css; path = tabs.css; sourceTree = "<group>"; };
		202EDA5C2CF0DAC600426644 /* libqalculate.mo */ = {isa = PBXFileReference; lastKnownFileType = file; path = libqalculate.mo; sourceTree = "<group>"; };
		202EDA5F2CF0DAC600426644 /* libqalculate.mo */ = {isa = PBXFileReference; lastKnownFileType = file; path = libqalculate.mo; sourceTree = "<group>"; };
		202EDA622CF0DAC600426644 /* libqalculate.mo */ = {isa = PBXFileReference; lastKnownFileType = file; path = libqalculate.mo; sourceTree = "<group>"; };
		202EDA652CF0DAC600426644 /* libqalculate.mo */ = {isa = PBXFileReference; lastKnownFileType = file; path = libqalculate.mo; sourceTree = "<group>"; };
		202EDA682CF0DAC600426644 /* libqalculate.mo */ = {isa = PBXFileReference; lastKnownFileType = file; path = libqalculate.mo; sourceTree = "<group>"; };
		202EDA6B2CF0DAC600426644 /* libqalculate.mo */ = {isa = PBXFileReference; lastKnownFileType = file; path = libqalculate.mo; sourceTree = "<group>"; };
		202EDA6E2CF0DAC600426644 /* libqalculate.mo */ = {isa = PBXFileReference; lastKnownFileType = file; path = libqalculate.mo; sourceTree = "<group>"; };
		202EDA712CF0DAC600426644 /* libqalculate.mo */ = {isa = PBXFileReference; lastKnownFileType = file; path = libqalculate.mo; sourceTree = "<group>"; };
		202EDA742CF0DAC600426644 /* libqalculate.mo */ = {isa = PBXFileReference; lastKnownFileType = file; path = libqalculate.mo; sourceTree = "<group>"; };
		202EDA782CF0DAC600426644 /* qalc.1.gz */ = {isa = PBXFileReference; lastKnownFileType = archive.gzip; path = qalc.1.gz; sourceTree = "<group>"; };
		202EDA7B2CF0DAC600426644 /* currencies.xml */ = {isa = PBXFileReference; lastKnownFileType = text.xml; path = currencies.xml; sourceTree = "<group>"; };
		202EDA7C2CF0DAC600426644 /* datasets.xml */ = {isa = PBXFileReference; lastKnownFileType = text.xml; path = datasets.xml; sourceTree = "<group>"; };
		202EDA7D2CF0DAC600426644 /* elements.xml */ = {isa = PBXFileReference; lastKnownFileType = text.xml; path = elements.xml; sourceTree = "<group>"; };
		202EDA7E2CF0DAC600426644 /* eurofxref-daily.xml */ = {isa = PBXFileReference; lastKnownFileType = text.xml; path = "eurofxref-daily.xml"; sourceTree = "<group>"; };
		202EDA7F2CF0DAC600426644 /* functions.xml */ = {isa = PBXFileReference; lastKnownFileType = text.xml; path = functions.xml; sourceTree = "<group>"; };
		202EDA802CF0DAC600426644 /* planets.xml */ = {isa = PBXFileReference; lastKnownFileType = text.xml; path = planets.xml; sourceTree = "<group>"; };
		202EDA812CF0DAC600426644 /* prefixes.xml */ = {isa = PBXFileReference; lastKnownFileType = text.xml; path = prefixes.xml; sourceTree = "<group>"; };
		202EDA822CF0DAC600426644 /* rates.json */ = {isa = PBXFileReference; lastKnownFileType = text.json; path = rates.json; sourceTree = "<group>"; };
		202EDA832CF0DAC600426644 /* units.xml */ = {isa = PBXFileReference; lastKnownFileType = text.xml; path = units.xml; sourceTree = "<group>"; };
		202EDA842CF0DAC600426644 /* variables.xml */ = {isa = PBXFileReference; lastKnownFileType = text.xml; path = variables.xml; sourceTree = "<group>"; };
		202EDAA02CF0DE9700426644 /* Qalculate.framework */ = {isa = PBXFileReference; explicitFileType = wrapper.framework; includeInIndex = 0; path = Qalculate.framework; sourceTree = BUILT_PRODUCTS_DIR; };
/* End PBXFileReference section */

/* Begin PBXFileSystemSynchronizedBuildFileExceptionSet section */
		202EDAAA2CF0DE9700426644 /* Exceptions for "Qalculate" folder in "Qalculate" target */ = {
			isa = PBXFileSystemSynchronizedBuildFileExceptionSet;
			publicHeaders = (
				main.h,
				Qalculate.h,
			);
			target = 202EDA9F2CF0DE9700426644 /* Qalculate */;
		};
/* End PBXFileSystemSynchronizedBuildFileExceptionSet section */

/* Begin PBXFileSystemSynchronizedRootGroup section */
		202436C12CF032AE00734E77 /* maculate */ = {
			isa = PBXFileSystemSynchronizedRootGroup;
			path = maculate;
			sourceTree = "<group>";
		};
		202436D32CF032B000734E77 /* maculateTests */ = {
			isa = PBXFileSystemSynchronizedRootGroup;
			path = maculateTests;
			sourceTree = "<group>";
		};
		202436DD2CF032B000734E77 /* maculateUITests */ = {
			isa = PBXFileSystemSynchronizedRootGroup;
			path = maculateUITests;
			sourceTree = "<group>";
		};
		202EDAA12CF0DE9700426644 /* Qalculate */ = {
			isa = PBXFileSystemSynchronizedRootGroup;
			exceptions = (
				202EDAAA2CF0DE9700426644 /* Exceptions for "Qalculate" folder in "Qalculate" target */,
			);
			explicitFileTypes = {
				main.h = sourcecode.cpp.h;
			};
			path = Qalculate;
			sourceTree = "<group>";
		};
/* End PBXFileSystemSynchronizedRootGroup section */

/* Begin PBXFrameworksBuildPhase section */
		202436BC2CF032AE00734E77 /* Frameworks */ = {
			isa = PBXFrameworksBuildPhase;
			buildActionMask = 2147483647;
			files = (
				202EDAA82CF0DE9700426644 /* Qalculate.framework in Frameworks */,
			);
			runOnlyForDeploymentPostprocessing = 0;
		};
		202436CD2CF032B000734E77 /* Frameworks */ = {
			isa = PBXFrameworksBuildPhase;
			buildActionMask = 2147483647;
			files = (
			);
			runOnlyForDeploymentPostprocessing = 0;
		};
		202436D72CF032B000734E77 /* Frameworks */ = {
			isa = PBXFrameworksBuildPhase;
			buildActionMask = 2147483647;
			files = (
			);
			runOnlyForDeploymentPostprocessing = 0;
		};
		202EDA9D2CF0DE9700426644 /* Frameworks */ = {
			isa = PBXFrameworksBuildPhase;
			buildActionMask = 2147483647;
			files = (
				202EDAC32CF0E50000426644 /* libqalculate.a in Frameworks */,
			);
			runOnlyForDeploymentPostprocessing = 0;
		};
/* End PBXFrameworksBuildPhase section */

/* Begin PBXGroup section */
		202436B62CF032AE00734E77 = {
			isa = PBXGroup;
			children = (
				202ED8D32CF055E000426644 /* libqalc */,
				202436C12CF032AE00734E77 /* maculate */,
				202436D32CF032B000734E77 /* maculateTests */,
				202436DD2CF032B000734E77 /* maculateUITests */,
				202ED6B42CF04C1600426644 /* Frameworks */,
				202436C02CF032AE00734E77 /* Products */,
			);
			sourceTree = "<group>";
		};
		202436C02CF032AE00734E77 /* Products */ = {
			isa = PBXGroup;
			children = (
				202436BF2CF032AE00734E77 /* maculate.app */,
				202436D02CF032B000734E77 /* maculateTests.xctest */,
				202436DA2CF032B000734E77 /* maculateUITests.xctest */,
				202EDAA02CF0DE9700426644 /* Qalculate.framework */,
			);
			name = Products;
			sourceTree = "<group>";
		};
		202ED6B42CF04C1600426644 /* Frameworks */ = {
			isa = PBXGroup;
			children = (
			);
			name = Frameworks;
			sourceTree = "<group>";
		};
		202ED8D32CF055E000426644 /* libqalc */ = {
			isa = PBXGroup;
			children = (
				202EDA872CF0DAC600426644 /* result */,
				202EDAA12CF0DE9700426644 /* Qalculate */,
			);
			path = libqalc;
			sourceTree = "<group>";
		};
		202ED9282CF0DAC600426644 /* bin */ = {
			isa = PBXGroup;
			children = (
				202ED9272CF0DAC600426644 /* qalc */,
			);
			path = bin;
			sourceTree = "<group>";
		};
		202ED9372CF0DAC600426644 /* libqalculate */ = {
			isa = PBXGroup;
			children = (
				202ED9292CF0DAC600426644 /* BuiltinFunctions.h */,
				202ED92A2CF0DAC600426644 /* Calculator.h */,
				202ED92B2CF0DAC600426644 /* DataSet.h */,
				202ED92C2CF0DAC600426644 /* ExpressionItem.h */,
				202ED92D2CF0DAC600426644 /* Function.h */,
				202ED92E2CF0DAC600426644 /* includes.h */,
				202ED92F2CF0DAC600426644 /* MathStructure.h */,
				202ED9302CF0DAC600426644 /* Number.h */,
				202ED9312CF0DAC600426644 /* Prefix.h */,
				202ED9322CF0DAC600426644 /* qalculate.h */,
				202ED9332CF0DAC600426644 /* QalculateDateTime.h */,
				202ED9342CF0DAC600426644 /* Unit.h */,
				202ED9352CF0DAC600426644 /* util.h */,
				202ED9362CF0DAC600426644 /* Variable.h */,
			);
			path = libqalculate;
			sourceTree = "<group>";
		};
		202ED9662CF0DAC600426644 /* libxml */ = {
			isa = PBXGroup;
			children = (
				202ED9382CF0DAC600426644 /* c14n.h */,
				202ED9392CF0DAC600426644 /* catalog.h */,
				202ED93A2CF0DAC600426644 /* chvalid.h */,
				202ED93B2CF0DAC600426644 /* debugXML.h */,
				202ED93C2CF0DAC600426644 /* dict.h */,
				202ED93D2CF0DAC600426644 /* encoding.h */,
				202ED93E2CF0DAC600426644 /* entities.h */,
				202ED93F2CF0DAC600426644 /* globals.h */,
				202ED9402CF0DAC600426644 /* hash.h */,
				202ED9412CF0DAC600426644 /* HTMLparser.h */,
				202ED9422CF0DAC600426644 /* HTMLtree.h */,
				202ED9432CF0DAC600426644 /* list.h */,
				202ED9442CF0DAC600426644 /* nanoftp.h */,
				202ED9452CF0DAC600426644 /* nanohttp.h */,
				202ED9462CF0DAC600426644 /* parser.h */,
				202ED9472CF0DAC600426644 /* parserInternals.h */,
				202ED9482CF0DAC600426644 /* pattern.h */,
				202ED9492CF0DAC600426644 /* relaxng.h */,
				202ED94A2CF0DAC600426644 /* SAX.h */,
				202ED94B2CF0DAC600426644 /* SAX2.h */,
				202ED94C2CF0DAC600426644 /* schemasInternals.h */,
				202ED94D2CF0DAC600426644 /* schematron.h */,
				202ED94E2CF0DAC600426644 /* threads.h */,
				202ED94F2CF0DAC600426644 /* tree.h */,
				202ED9502CF0DAC600426644 /* uri.h */,
				202ED9512CF0DAC600426644 /* valid.h */,
				202ED9522CF0DAC600426644 /* xinclude.h */,
				202ED9532CF0DAC600426644 /* xlink.h */,
				202ED9542CF0DAC600426644 /* xmlautomata.h */,
				202ED9552CF0DAC600426644 /* xmlerror.h */,
				202ED9562CF0DAC600426644 /* xmlexports.h */,
				202ED9572CF0DAC600426644 /* xmlIO.h */,
				202ED9582CF0DAC600426644 /* xmlmemory.h */,
				202ED9592CF0DAC600426644 /* xmlmodule.h */,
				202ED95A2CF0DAC600426644 /* xmlreader.h */,
				202ED95B2CF0DAC600426644 /* xmlregexp.h */,
				202ED95C2CF0DAC600426644 /* xmlsave.h */,
				202ED95D2CF0DAC600426644 /* xmlschemas.h */,
				202ED95E2CF0DAC600426644 /* xmlschemastypes.h */,
				202ED95F2CF0DAC600426644 /* xmlstring.h */,
				202ED9602CF0DAC600426644 /* xmlunicode.h */,
				202ED9612CF0DAC600426644 /* xmlversion.h */,
				202ED9622CF0DAC600426644 /* xmlwriter.h */,
				202ED9632CF0DAC600426644 /* xpath.h */,
				202ED9642CF0DAC600426644 /* xpathInternals.h */,
				202ED9652CF0DAC600426644 /* xpointer.h */,
			);
			path = libxml;
			sourceTree = "<group>";
		};
		202ED9672CF0DAC600426644 /* libxml2 */ = {
			isa = PBXGroup;
			children = (
				202ED9662CF0DAC600426644 /* libxml */,
			);
			path = libxml2;
			sourceTree = "<group>";
		};
		202EDA2D2CF0DAC600426644 /* unicode */ = {
			isa = PBXGroup;
			children = (
				202ED9682CF0DAC600426644 /* alphaindex.h */,
				202ED9692CF0DAC600426644 /* appendable.h */,
				202ED96A2CF0DAC600426644 /* basictz.h */,
				202ED96B2CF0DAC600426644 /* brkiter.h */,
				202ED96C2CF0DAC600426644 /* bytestream.h */,
				202ED96D2CF0DAC600426644 /* bytestrie.h */,
				202ED96E2CF0DAC600426644 /* bytestriebuilder.h */,
				202ED96F2CF0DAC600426644 /* calendar.h */,
				202ED9702CF0DAC600426644 /* caniter.h */,
				202ED9712CF0DAC600426644 /* casemap.h */,
				202ED9722CF0DAC600426644 /* char16ptr.h */,
				202ED9732CF0DAC600426644 /* chariter.h */,
				202ED9742CF0DAC600426644 /* choicfmt.h */,
				202ED9752CF0DAC600426644 /* coleitr.h */,
				202ED9762CF0DAC600426644 /* coll.h */,
				202ED9772CF0DAC600426644 /* compactdecimalformat.h */,
				202ED9782CF0DAC600426644 /* curramt.h */,
				202ED9792CF0DAC600426644 /* currpinf.h */,
				202ED97A2CF0DAC600426644 /* currunit.h */,
				202ED97B2CF0DAC600426644 /* datefmt.h */,
				202ED97C2CF0DAC600426644 /* dbbi.h */,
				202ED97D2CF0DAC600426644 /* dcfmtsym.h */,
				202ED97E2CF0DAC600426644 /* decimfmt.h */,
				202ED97F2CF0DAC600426644 /* displayoptions.h */,
				202ED9802CF0DAC600426644 /* docmain.h */,
				202ED9812CF0DAC600426644 /* dtfmtsym.h */,
				202ED9822CF0DAC600426644 /* dtintrv.h */,
				202ED9832CF0DAC600426644 /* dtitvfmt.h */,
				202ED9842CF0DAC600426644 /* dtitvinf.h */,
				202ED9852CF0DAC600426644 /* dtptngen.h */,
				202ED9862CF0DAC600426644 /* dtrule.h */,
				202ED9872CF0DAC600426644 /* edits.h */,
				202ED9882CF0DAC600426644 /* enumset.h */,
				202ED9892CF0DAC600426644 /* errorcode.h */,
				202ED98A2CF0DAC600426644 /* fieldpos.h */,
				202ED98B2CF0DAC600426644 /* filteredbrk.h */,
				202ED98C2CF0DAC600426644 /* fmtable.h */,
				202ED98D2CF0DAC600426644 /* format.h */,
				202ED98E2CF0DAC600426644 /* formattednumber.h */,
				202ED98F2CF0DAC600426644 /* formattedvalue.h */,
				202ED9902CF0DAC600426644 /* fpositer.h */,
				202ED9912CF0DAC600426644 /* gender.h */,
				202ED9922CF0DAC600426644 /* gregocal.h */,
				202ED9932CF0DAC600426644 /* icudataver.h */,
				202ED9942CF0DAC600426644 /* icuplug.h */,
				202ED9952CF0DAC600426644 /* idna.h */,
				202ED9962CF0DAC600426644 /* listformatter.h */,
				202ED9972CF0DAC600426644 /* localebuilder.h */,
				202ED9982CF0DAC600426644 /* localematcher.h */,
				202ED9992CF0DAC600426644 /* localpointer.h */,
				202ED99A2CF0DAC600426644 /* locdspnm.h */,
				202ED99B2CF0DAC600426644 /* locid.h */,
				202ED99C2CF0DAC600426644 /* measfmt.h */,
				202ED99D2CF0DAC600426644 /* measunit.h */,
				202ED99E2CF0DAC600426644 /* measure.h */,
				202ED99F2CF0DAC600426644 /* messagepattern.h */,
				202ED9A02CF0DAC600426644 /* msgfmt.h */,
				202ED9A12CF0DAC600426644 /* normalizer2.h */,
				202ED9A22CF0DAC600426644 /* normlzr.h */,
				202ED9A32CF0DAC600426644 /* nounit.h */,
				202ED9A42CF0DAC600426644 /* numberformatter.h */,
				202ED9A52CF0DAC600426644 /* numberrangeformatter.h */,
				202ED9A62CF0DAC600426644 /* numfmt.h */,
				202ED9A72CF0DAC600426644 /* numsys.h */,
				202ED9A82CF0DAC600426644 /* parseerr.h */,
				202ED9A92CF0DAC600426644 /* parsepos.h */,
				202ED9AA2CF0DAC600426644 /* platform.h */,
				202ED9AB2CF0DAC600426644 /* plurfmt.h */,
				202ED9AC2CF0DAC600426644 /* plurrule.h */,
				202ED9AD2CF0DAC600426644 /* ptypes.h */,
				202ED9AE2CF0DAC600426644 /* putil.h */,
				202ED9AF2CF0DAC600426644 /* rbbi.h */,
				202ED9B02CF0DAC600426644 /* rbnf.h */,
				202ED9B12CF0DAC600426644 /* rbtz.h */,
				202ED9B22CF0DAC600426644 /* regex.h */,
				202ED9B32CF0DAC600426644 /* region.h */,
				202ED9B42CF0DAC600426644 /* reldatefmt.h */,
				202ED9B52CF0DAC600426644 /* rep.h */,
				202ED9B62CF0DAC600426644 /* resbund.h */,
				202ED9B72CF0DAC600426644 /* schriter.h */,
				202ED9B82CF0DAC600426644 /* scientificnumberformatter.h */,
				202ED9B92CF0DAC600426644 /* search.h */,
				202ED9BA2CF0DAC600426644 /* selfmt.h */,
				202ED9BB2CF0DAC600426644 /* simpleformatter.h */,
				202ED9BC2CF0DAC600426644 /* simplenumberformatter.h */,
				202ED9BD2CF0DAC600426644 /* simpletz.h */,
				202ED9BE2CF0DAC600426644 /* smpdtfmt.h */,
				202ED9BF2CF0DAC600426644 /* sortkey.h */,
				202ED9C02CF0DAC600426644 /* std_string.h */,
				202ED9C12CF0DAC600426644 /* strenum.h */,
				202ED9C22CF0DAC600426644 /* stringoptions.h */,
				202ED9C32CF0DAC600426644 /* stringpiece.h */,
				202ED9C42CF0DAC600426644 /* stringtriebuilder.h */,
				202ED9C52CF0DAC600426644 /* stsearch.h */,
				202ED9C62CF0DAC600426644 /* symtable.h */,
				202ED9C72CF0DAC600426644 /* tblcoll.h */,
				202ED9C82CF0DAC600426644 /* timezone.h */,
				202ED9C92CF0DAC600426644 /* tmunit.h */,
				202ED9CA2CF0DAC600426644 /* tmutamt.h */,
				202ED9CB2CF0DAC600426644 /* tmutfmt.h */,
				202ED9CC2CF0DAC600426644 /* translit.h */,
				202ED9CD2CF0DAC600426644 /* tzfmt.h */,
				202ED9CE2CF0DAC600426644 /* tznames.h */,
				202ED9CF2CF0DAC600426644 /* tzrule.h */,
				202ED9D02CF0DAC600426644 /* tztrans.h */,
				202ED9D12CF0DAC600426644 /* ubidi.h */,
				202ED9D22CF0DAC600426644 /* ubiditransform.h */,
				202ED9D32CF0DAC600426644 /* ubrk.h */,
				202ED9D42CF0DAC600426644 /* ucal.h */,
				202ED9D52CF0DAC600426644 /* ucasemap.h */,
				202ED9D62CF0DAC600426644 /* ucat.h */,
				202ED9D72CF0DAC600426644 /* uchar.h */,
				202ED9D82CF0DAC600426644 /* ucharstrie.h */,
				202ED9D92CF0DAC600426644 /* ucharstriebuilder.h */,
				202ED9DA2CF0DAC600426644 /* uchriter.h */,
				202ED9DB2CF0DAC600426644 /* uclean.h */,
				202ED9DC2CF0DAC600426644 /* ucnv.h */,
				202ED9DD2CF0DAC600426644 /* ucnv_cb.h */,
				202ED9DE2CF0DAC600426644 /* ucnv_err.h */,
				202ED9DF2CF0DAC600426644 /* ucnvsel.h */,
				202ED9E02CF0DAC600426644 /* ucol.h */,
				202ED9E12CF0DAC600426644 /* ucoleitr.h */,
				202ED9E22CF0DAC600426644 /* uconfig.h */,
				202ED9E32CF0DAC600426644 /* ucpmap.h */,
				202ED9E42CF0DAC600426644 /* ucptrie.h */,
				202ED9E52CF0DAC600426644 /* ucsdet.h */,
				202ED9E62CF0DAC600426644 /* ucurr.h */,
				202ED9E72CF0DAC600426644 /* udat.h */,
				202ED9E82CF0DAC600426644 /* udata.h */,
				202ED9E92CF0DAC600426644 /* udateintervalformat.h */,
				202ED9EA2CF0DAC600426644 /* udatpg.h */,
				202ED9EB2CF0DAC600426644 /* udisplaycontext.h */,
				202ED9EC2CF0DAC600426644 /* udisplayoptions.h */,
				202ED9ED2CF0DAC600426644 /* uenum.h */,
				202ED9EE2CF0DAC600426644 /* ufieldpositer.h */,
				202ED9EF2CF0DAC600426644 /* uformattable.h */,
				202ED9F02CF0DAC600426644 /* uformattednumber.h */,
				202ED9F12CF0DAC600426644 /* uformattedvalue.h */,
				202ED9F22CF0DAC600426644 /* ugender.h */,
				202ED9F32CF0DAC600426644 /* uidna.h */,
				202ED9F42CF0DAC600426644 /* uiter.h */,
				202ED9F52CF0DAC600426644 /* uldnames.h */,
				202ED9F62CF0DAC600426644 /* ulistformatter.h */,
				202ED9F72CF0DAC600426644 /* uloc.h */,
				202ED9F82CF0DAC600426644 /* ulocale.h */,
				202ED9F92CF0DAC600426644 /* ulocbuilder.h */,
				202ED9FA2CF0DAC600426644 /* ulocdata.h */,
				202ED9FB2CF0DAC600426644 /* umachine.h */,
				202ED9FC2CF0DAC600426644 /* umisc.h */,
				202ED9FD2CF0DAC600426644 /* umsg.h */,
				202ED9FE2CF0DAC600426644 /* umutablecptrie.h */,
				202ED9FF2CF0DAC600426644 /* unifilt.h */,
				202EDA002CF0DAC600426644 /* unifunct.h */,
				202EDA012CF0DAC600426644 /* unimatch.h */,
				202EDA022CF0DAC600426644 /* unirepl.h */,
				202EDA032CF0DAC600426644 /* uniset.h */,
				202EDA042CF0DAC600426644 /* unistr.h */,
				202EDA052CF0DAC600426644 /* unorm.h */,
				202EDA062CF0DAC600426644 /* unorm2.h */,
				202EDA072CF0DAC600426644 /* unum.h */,
				202EDA082CF0DAC600426644 /* unumberformatter.h */,
				202EDA092CF0DAC600426644 /* unumberoptions.h */,
				202EDA0A2CF0DAC600426644 /* unumberrangeformatter.h */,
				202EDA0B2CF0DAC600426644 /* unumsys.h */,
				202EDA0C2CF0DAC600426644 /* uobject.h */,
				202EDA0D2CF0DAC600426644 /* upluralrules.h */,
				202EDA0E2CF0DAC600426644 /* uregex.h */,
				202EDA0F2CF0DAC600426644 /* uregion.h */,
				202EDA102CF0DAC600426644 /* ureldatefmt.h */,
				202EDA112CF0DAC600426644 /* urename.h */,
				202EDA122CF0DAC600426644 /* urep.h */,
				202EDA132CF0DAC600426644 /* ures.h */,
				202EDA142CF0DAC600426644 /* uscript.h */,
				202EDA152CF0DAC600426644 /* usearch.h */,
				202EDA162CF0DAC600426644 /* uset.h */,
				202EDA172CF0DAC600426644 /* usetiter.h */,
				202EDA182CF0DAC600426644 /* ushape.h */,
				202EDA192CF0DAC600426644 /* usimplenumberformatter.h */,
				202EDA1A2CF0DAC600426644 /* uspoof.h */,
				202EDA1B2CF0DAC600426644 /* usprep.h */,
				202EDA1C2CF0DAC600426644 /* ustdio.h */,
				202EDA1D2CF0DAC600426644 /* ustream.h */,
				202EDA1E2CF0DAC600426644 /* ustring.h */,
				202EDA1F2CF0DAC600426644 /* ustringtrie.h */,
				202EDA202CF0DAC600426644 /* utext.h */,
				202EDA212CF0DAC600426644 /* utf.h */,
				202EDA222CF0DAC600426644 /* utf_old.h */,
				202EDA232CF0DAC600426644 /* utf8.h */,
				202EDA242CF0DAC600426644 /* utf16.h */,
				202EDA252CF0DAC600426644 /* utf32.h */,
				202EDA262CF0DAC600426644 /* utmscale.h */,
				202EDA272CF0DAC600426644 /* utrace.h */,
				202EDA282CF0DAC600426644 /* utrans.h */,
				202EDA292CF0DAC600426644 /* utypes.h */,
				202EDA2A2CF0DAC600426644 /* uvernum.h */,
				202EDA2B2CF0DAC600426644 /* uversion.h */,
				202EDA2C2CF0DAC600426644 /* vtzone.h */,
			);
			path = unicode;
			sourceTree = "<group>";
		};
		202EDA322CF0DAC600426644 /* include */ = {
			isa = PBXGroup;
			children = (
				202ED9372CF0DAC600426644 /* libqalculate */,
				202ED9672CF0DAC600426644 /* libxml2 */,
				202EDA2D2CF0DAC600426644 /* unicode */,
				202EDA2E2CF0DAC600426644 /* gmp.h */,
				202EDA2F2CF0DAC600426644 /* gmpxx.h */,
				202EDA302CF0DAC600426644 /* mpf2mpfr.h */,
				202EDA312CF0DAC600426644 /* mpfr.h */,
			);
			path = include;
			sourceTree = "<group>";
		};
		202EDA342CF0DAC600426644 /* pkgconfig */ = {
			isa = PBXGroup;
			children = (
				202EDA332CF0DAC600426644 /* libqalculate.pc */,
			);
			path = pkgconfig;
			sourceTree = "<group>";
		};
		202EDA372CF0DAC600426644 /* lib */ = {
			isa = PBXGroup;
			children = (
				202EDA342CF0DAC600426644 /* pkgconfig */,
				202EDA352CF0DAC600426644 /* libqalculate.a */,
				202EDA362CF0DAC600426644 /* libqalculate.la */,
			);
			path = lib;
			sourceTree = "<group>";
		};
		202EDA392CF0DAC600426644 /* nix-support */ = {
			isa = PBXGroup;
			children = (
				202EDA382CF0DAC600426644 /* propagated-build-inputs */,
			);
			path = "nix-support";
			sourceTree = "<group>";
		};
		202EDA582CF0DAC600426644 /* html */ = {
			isa = PBXGroup;
			children = (
				202EDA3A2CF0DAC600426644 /* bc_s.png */,
				202EDA3B2CF0DAC600426644 /* bc_sd.png */,
				202EDA3C2CF0DAC600426644 /* clipboard.js */,
				202EDA3D2CF0DAC600426644 /* closed.png */,
				202EDA3E2CF0DAC600426644 /* doxygen.css */,
				202EDA3F2CF0DAC600426644 /* doxygen_crawl.html */,
				202EDA402CF0DAC600426644 /* dynsections.js */,
				202EDA412CF0DAC600426644 /* index.html */,
				202EDA422CF0DAC600426644 /* jquery.js */,
				202EDA432CF0DAC600426644 /* menu.js */,
				202EDA442CF0DAC600426644 /* menudata.js */,
				202EDA452CF0DAC600426644 /* nav_f.png */,
				202EDA462CF0DAC600426644 /* nav_fd.png */,
				202EDA472CF0DAC600426644 /* nav_g.png */,
				202EDA482CF0DAC600426644 /* nav_h.png */,
				202EDA492CF0DAC600426644 /* nav_hd.png */,
				202EDA4A2CF0DAC600426644 /* open.png */,
				202EDA4B2CF0DAC600426644 /* splitbar.png */,
				202EDA4C2CF0DAC600426644 /* splitbard.png */,
				202EDA4D2CF0DAC600426644 /* sync_off.png */,
				202EDA4E2CF0DAC600426644 /* sync_on.png */,
				202EDA4F2CF0DAC600426644 /* tab_a.png */,
				202EDA502CF0DAC600426644 /* tab_ad.png */,
				202EDA512CF0DAC600426644 /* tab_b.png */,
				202EDA522CF0DAC600426644 /* tab_bd.png */,
				202EDA532CF0DAC600426644 /* tab_h.png */,
				202EDA542CF0DAC600426644 /* tab_hd.png */,
				202EDA552CF0DAC600426644 /* tab_s.png */,
				202EDA562CF0DAC600426644 /* tab_sd.png */,
				202EDA572CF0DAC600426644 /* tabs.css */,
			);
			path = html;
			sourceTree = "<group>";
		};
		202EDA592CF0DAC600426644 /* reference */ = {
			isa = PBXGroup;
			children = (
				202EDA582CF0DAC600426644 /* html */,
			);
			path = reference;
			sourceTree = "<group>";
		};
		202EDA5A2CF0DAC600426644 /* libqalculate */ = {
			isa = PBXGroup;
			children = (
				202EDA592CF0DAC600426644 /* reference */,
			);
			path = libqalculate;
			sourceTree = "<group>";
		};
		202EDA5B2CF0DAC600426644 /* doc */ = {
			isa = PBXGroup;
			children = (
				202EDA5A2CF0DAC600426644 /* libqalculate */,
			);
			path = doc;
			sourceTree = "<group>";
		};
		202EDA5D2CF0DAC600426644 /* LC_MESSAGES */ = {
			isa = PBXGroup;
			children = (
				202EDA5C2CF0DAC600426644 /* libqalculate.mo */,
			);
			path = LC_MESSAGES;
			sourceTree = "<group>";
		};
		202EDA5E2CF0DAC600426644 /* ca */ = {
			isa = PBXGroup;
			children = (
				202EDA5D2CF0DAC600426644 /* LC_MESSAGES */,
			);
			path = ca;
			sourceTree = "<group>";
		};
		202EDA602CF0DAC600426644 /* LC_MESSAGES */ = {
			isa = PBXGroup;
			children = (
				202EDA5F2CF0DAC600426644 /* libqalculate.mo */,
			);
			path = LC_MESSAGES;
			sourceTree = "<group>";
		};
		202EDA612CF0DAC600426644 /* de */ = {
			isa = PBXGroup;
			children = (
				202EDA602CF0DAC600426644 /* LC_MESSAGES */,
			);
			path = de;
			sourceTree = "<group>";
		};
		202EDA632CF0DAC600426644 /* LC_MESSAGES */ = {
			isa = PBXGroup;
			children = (
				202EDA622CF0DAC600426644 /* libqalculate.mo */,
			);
			path = LC_MESSAGES;
			sourceTree = "<group>";
		};
		202EDA642CF0DAC600426644 /* es */ = {
			isa = PBXGroup;
			children = (
				202EDA632CF0DAC600426644 /* LC_MESSAGES */,
			);
			path = es;
			sourceTree = "<group>";
		};
		202EDA662CF0DAC600426644 /* LC_MESSAGES */ = {
			isa = PBXGroup;
			children = (
				202EDA652CF0DAC600426644 /* libqalculate.mo */,
			);
			path = LC_MESSAGES;
			sourceTree = "<group>";
		};
		202EDA672CF0DAC600426644 /* fr */ = {
			isa = PBXGroup;
			children = (
				202EDA662CF0DAC600426644 /* LC_MESSAGES */,
			);
			path = fr;
			sourceTree = "<group>";
		};
		202EDA692CF0DAC600426644 /* LC_MESSAGES */ = {
			isa = PBXGroup;
			children = (
				202EDA682CF0DAC600426644 /* libqalculate.mo */,
			);
			path = LC_MESSAGES;
			sourceTree = "<group>";
		};
		202EDA6A2CF0DAC600426644 /* ka */ = {
			isa = PBXGroup;
			children = (
				202EDA692CF0DAC600426644 /* LC_MESSAGES */,
			);
			path = ka;
			sourceTree = "<group>";
		};
		202EDA6C2CF0DAC600426644 /* LC_MESSAGES */ = {
			isa = PBXGroup;
			children = (
				202EDA6B2CF0DAC600426644 /* libqalculate.mo */,
			);
			path = LC_MESSAGES;
			sourceTree = "<group>";
		};
		202EDA6D2CF0DAC600426644 /* nl */ = {
			isa = PBXGroup;
			children = (
				202EDA6C2CF0DAC600426644 /* LC_MESSAGES */,
			);
			path = nl;
			sourceTree = "<group>";
		};
		202EDA6F2CF0DAC600426644 /* LC_MESSAGES */ = {
			isa = PBXGroup;
			children = (
				202EDA6E2CF0DAC600426644 /* libqalculate.mo */,
			);
			path = LC_MESSAGES;
			sourceTree = "<group>";
		};
		202EDA702CF0DAC600426644 /* ru */ = {
			isa = PBXGroup;
			children = (
				202EDA6F2CF0DAC600426644 /* LC_MESSAGES */,
			);
			path = ru;
			sourceTree = "<group>";
		};
		202EDA722CF0DAC600426644 /* LC_MESSAGES */ = {
			isa = PBXGroup;
			children = (
				202EDA712CF0DAC600426644 /* libqalculate.mo */,
			);
			path = LC_MESSAGES;
			sourceTree = "<group>";
		};
		202EDA732CF0DAC600426644 /* sv */ = {
			isa = PBXGroup;
			children = (
				202EDA722CF0DAC600426644 /* LC_MESSAGES */,
			);
			path = sv;
			sourceTree = "<group>";
		};
		202EDA752CF0DAC600426644 /* LC_MESSAGES */ = {
			isa = PBXGroup;
			children = (
				202EDA742CF0DAC600426644 /* libqalculate.mo */,
			);
			path = LC_MESSAGES;
			sourceTree = "<group>";
		};
		202EDA762CF0DAC600426644 /* zh_CN */ = {
			isa = PBXGroup;
			children = (
				202EDA752CF0DAC600426644 /* LC_MESSAGES */,
			);
			path = zh_CN;
			sourceTree = "<group>";
		};
		202EDA772CF0DAC600426644 /* locale */ = {
			isa = PBXGroup;
			children = (
				202EDA5E2CF0DAC600426644 /* ca */,
				202EDA612CF0DAC600426644 /* de */,
				202EDA642CF0DAC600426644 /* es */,
				202EDA672CF0DAC600426644 /* fr */,
				202EDA6A2CF0DAC600426644 /* ka */,
				202EDA6D2CF0DAC600426644 /* nl */,
				202EDA702CF0DAC600426644 /* ru */,
				202EDA732CF0DAC600426644 /* sv */,
				202EDA762CF0DAC600426644 /* zh_CN */,
			);
			path = locale;
			sourceTree = "<group>";
		};
		202EDA792CF0DAC600426644 /* man1 */ = {
			isa = PBXGroup;
			children = (
				202EDA782CF0DAC600426644 /* qalc.1.gz */,
			);
			path = man1;
			sourceTree = "<group>";
		};
		202EDA7A2CF0DAC600426644 /* man */ = {
			isa = PBXGroup;
			children = (
				202EDA792CF0DAC600426644 /* man1 */,
			);
			path = man;
			sourceTree = "<group>";
		};
		202EDA852CF0DAC600426644 /* qalculate */ = {
			isa = PBXGroup;
			children = (
				202EDA7B2CF0DAC600426644 /* currencies.xml */,
				202EDA7C2CF0DAC600426644 /* datasets.xml */,
				202EDA7D2CF0DAC600426644 /* elements.xml */,
				202EDA7E2CF0DAC600426644 /* eurofxref-daily.xml */,
				202EDA7F2CF0DAC600426644 /* functions.xml */,
				202EDA802CF0DAC600426644 /* planets.xml */,
				202EDA812CF0DAC600426644 /* prefixes.xml */,
				202EDA822CF0DAC600426644 /* rates.json */,
				202EDA832CF0DAC600426644 /* units.xml */,
				202EDA842CF0DAC600426644 /* variables.xml */,
			);
			path = qalculate;
			sourceTree = "<group>";
		};
		202EDA862CF0DAC600426644 /* share */ = {
			isa = PBXGroup;
			children = (
				202EDA5B2CF0DAC600426644 /* doc */,
				202EDA772CF0DAC600426644 /* locale */,
				202EDA7A2CF0DAC600426644 /* man */,
				202EDA852CF0DAC600426644 /* qalculate */,
			);
			path = share;
			sourceTree = "<group>";
		};
		202EDA872CF0DAC600426644 /* result */ = {
			isa = PBXGroup;
			children = (
				202ED9282CF0DAC600426644 /* bin */,
				202EDA322CF0DAC600426644 /* include */,
				202EDA372CF0DAC600426644 /* lib */,
				202EDA392CF0DAC600426644 /* nix-support */,
				202EDA862CF0DAC600426644 /* share */,
			);
			path = result;
			sourceTree = "<group>";
		};
/* End PBXGroup section */

/* Begin PBXHeadersBuildPhase section */
		202EDA9B2CF0DE9700426644 /* Headers */ = {
			isa = PBXHeadersBuildPhase;
			buildActionMask = 2147483647;
			files = (
			);
			runOnlyForDeploymentPostprocessing = 0;
		};
/* End PBXHeadersBuildPhase section */

/* Begin PBXNativeTarget section */
		202436BE2CF032AE00734E77 /* maculate */ = {
			isa = PBXNativeTarget;
			buildConfigurationList = 202436E42CF032B000734E77 /* Build configuration list for PBXNativeTarget "maculate" */;
			buildPhases = (
				202436BB2CF032AE00734E77 /* Sources */,
				202436BC2CF032AE00734E77 /* Frameworks */,
				202436BD2CF032AE00734E77 /* Resources */,
				20E30CE12CF0346000194ED3 /* Embed Libraries */,
			);
			buildRules = (
			);
			dependencies = (
				202EDAA72CF0DE9700426644 /* PBXTargetDependency */,
			);
			fileSystemSynchronizedGroups = (
				202436C12CF032AE00734E77 /* maculate */,
			);
			name = maculate;
			packageProductDependencies = (
			);
			productName = maculate;
			productReference = 202436BF2CF032AE00734E77 /* maculate.app */;
			productType = "com.apple.product-type.application";
		};
		202436CF2CF032B000734E77 /* maculateTests */ = {
			isa = PBXNativeTarget;
			buildConfigurationList = 202436E72CF032B000734E77 /* Build configuration list for PBXNativeTarget "maculateTests" */;
			buildPhases = (
				202436CC2CF032B000734E77 /* Sources */,
				202436CD2CF032B000734E77 /* Frameworks */,
				202436CE2CF032B000734E77 /* Resources */,
			);
			buildRules = (
			);
			dependencies = (
				202436D22CF032B000734E77 /* PBXTargetDependency */,
			);
			fileSystemSynchronizedGroups = (
				202436D32CF032B000734E77 /* maculateTests */,
			);
			name = maculateTests;
			packageProductDependencies = (
			);
			productName = maculateTests;
			productReference = 202436D02CF032B000734E77 /* maculateTests.xctest */;
			productType = "com.apple.product-type.bundle.unit-test";
		};
		202436D92CF032B000734E77 /* maculateUITests */ = {
			isa = PBXNativeTarget;
			buildConfigurationList = 202436EA2CF032B000734E77 /* Build configuration list for PBXNativeTarget "maculateUITests" */;
			buildPhases = (
				202436D62CF032B000734E77 /* Sources */,
				202436D72CF032B000734E77 /* Frameworks */,
				202436D82CF032B000734E77 /* Resources */,
			);
			buildRules = (
			);
			dependencies = (
				202436DC2CF032B000734E77 /* PBXTargetDependency */,
			);
			fileSystemSynchronizedGroups = (
				202436DD2CF032B000734E77 /* maculateUITests */,
			);
			name = maculateUITests;
			packageProductDependencies = (
			);
			productName = maculateUITests;
			productReference = 202436DA2CF032B000734E77 /* maculateUITests.xctest */;
			productType = "com.apple.product-type.bundle.ui-testing";
		};
		202EDA9F2CF0DE9700426644 /* Qalculate */ = {
			isa = PBXNativeTarget;
			buildConfigurationList = 202EDAAB2CF0DE9700426644 /* Build configuration list for PBXNativeTarget "Qalculate" */;
			buildPhases = (
				202EDA9B2CF0DE9700426644 /* Headers */,
				202EDA9C2CF0DE9700426644 /* Sources */,
				202EDA9D2CF0DE9700426644 /* Frameworks */,
				202EDA9E2CF0DE9700426644 /* Resources */,
			);
			buildRules = (
			);
			dependencies = (
			);
			fileSystemSynchronizedGroups = (
				202EDAA12CF0DE9700426644 /* Qalculate */,
			);
			name = Qalculate;
			packageProductDependencies = (
			);
			productName = QalculateFramework;
			productReference = 202EDAA02CF0DE9700426644 /* Qalculate.framework */;
			productType = "com.apple.product-type.framework";
		};
/* End PBXNativeTarget section */

/* Begin PBXProject section */
		202436B72CF032AE00734E77 /* Project object */ = {
			isa = PBXProject;
			attributes = {
				BuildIndependentTargetsInParallel = 1;
				LastSwiftUpdateCheck = 1610;
				LastUpgradeCheck = 1610;
				TargetAttributes = {
					202436BE2CF032AE00734E77 = {
						CreatedOnToolsVersion = 16.1;
					};
					202436CF2CF032B000734E77 = {
						CreatedOnToolsVersion = 16.1;
						TestTargetID = 202436BE2CF032AE00734E77;
					};
					202436D92CF032B000734E77 = {
						CreatedOnToolsVersion = 16.1;
						TestTargetID = 202436BE2CF032AE00734E77;
					};
					202EDA9F2CF0DE9700426644 = {
						CreatedOnToolsVersion = 16.1;
					};
				};
			};
			buildConfigurationList = 202436BA2CF032AE00734E77 /* Build configuration list for PBXProject "maculate" */;
			developmentRegion = en;
			hasScannedForEncodings = 0;
			knownRegions = (
				en,
				Base,
			);
			mainGroup = 202436B62CF032AE00734E77;
			minimizedProjectReferenceProxies = 1;
			preferredProjectObjectVersion = 77;
			productRefGroup = 202436C02CF032AE00734E77 /* Products */;
			projectDirPath = "";
			projectRoot = "";
			targets = (
				202436BE2CF032AE00734E77 /* maculate */,
				202436CF2CF032B000734E77 /* maculateTests */,
				202436D92CF032B000734E77 /* maculateUITests */,
				202EDA9F2CF0DE9700426644 /* Qalculate */,
			);
		};
/* End PBXProject section */

/* Begin PBXResourcesBuildPhase section */
		202436BD2CF032AE00734E77 /* Resources */ = {
			isa = PBXResourcesBuildPhase;
			buildActionMask = 2147483647;
			files = (
			);
			runOnlyForDeploymentPostprocessing = 0;
		};
		202436CE2CF032B000734E77 /* Resources */ = {
			isa = PBXResourcesBuildPhase;
			buildActionMask = 2147483647;
			files = (
			);
			runOnlyForDeploymentPostprocessing = 0;
		};
		202436D82CF032B000734E77 /* Resources */ = {
			isa = PBXResourcesBuildPhase;
			buildActionMask = 2147483647;
			files = (
			);
			runOnlyForDeploymentPostprocessing = 0;
		};
		202EDA9E2CF0DE9700426644 /* Resources */ = {
			isa = PBXResourcesBuildPhase;
			buildActionMask = 2147483647;
			files = (
			);
			runOnlyForDeploymentPostprocessing = 0;
		};
/* End PBXResourcesBuildPhase section */

/* Begin PBXSourcesBuildPhase section */
		202436BB2CF032AE00734E77 /* Sources */ = {
			isa = PBXSourcesBuildPhase;
			buildActionMask = 2147483647;
			files = (
			);
			runOnlyForDeploymentPostprocessing = 0;
		};
		202436CC2CF032B000734E77 /* Sources */ = {
			isa = PBXSourcesBuildPhase;
			buildActionMask = 2147483647;
			files = (
			);
			runOnlyForDeploymentPostprocessing = 0;
		};
		202436D62CF032B000734E77 /* Sources */ = {
			isa = PBXSourcesBuildPhase;
			buildActionMask = 2147483647;
			files = (
			);
			runOnlyForDeploymentPostprocessing = 0;
		};
		202EDA9C2CF0DE9700426644 /* Sources */ = {
			isa = PBXSourcesBuildPhase;
			buildActionMask = 2147483647;
			files = (
			);
			runOnlyForDeploymentPostprocessing = 0;
		};
/* End PBXSourcesBuildPhase section */

/* Begin PBXTargetDependency section */
		202436D22CF032B000734E77 /* PBXTargetDependency */ = {
			isa = PBXTargetDependency;
			target = 202436BE2CF032AE00734E77 /* maculate */;
			targetProxy = 202436D12CF032B000734E77 /* PBXContainerItemProxy */;
		};
		202436DC2CF032B000734E77 /* PBXTargetDependency */ = {
			isa = PBXTargetDependency;
			target = 202436BE2CF032AE00734E77 /* maculate */;
			targetProxy = 202436DB2CF032B000734E77 /* PBXContainerItemProxy */;
		};
		202EDAA72CF0DE9700426644 /* PBXTargetDependency */ = {
			isa = PBXTargetDependency;
			target = 202EDA9F2CF0DE9700426644 /* Qalculate */;
			targetProxy = 202EDAA62CF0DE9700426644 /* PBXContainerItemProxy */;
		};
/* End PBXTargetDependency section */

/* Begin XCBuildConfiguration section */
		202436E22CF032B000734E77 /* Debug */ = {
			isa = XCBuildConfiguration;
			buildSettings = {
				ALWAYS_SEARCH_USER_PATHS = NO;
				ASSETCATALOG_COMPILER_GENERATE_SWIFT_ASSET_SYMBOL_EXTENSIONS = YES;
				CLANG_ANALYZER_NONNULL = YES;
				CLANG_ANALYZER_NUMBER_OBJECT_CONVERSION = YES_AGGRESSIVE;
				CLANG_CXX_LANGUAGE_STANDARD = "gnu++20";
				CLANG_ENABLE_MODULES = YES;
				CLANG_ENABLE_OBJC_ARC = YES;
				CLANG_ENABLE_OBJC_WEAK = YES;
				CLANG_WARN_BLOCK_CAPTURE_AUTORELEASING = YES;
				CLANG_WARN_BOOL_CONVERSION = YES;
				CLANG_WARN_COMMA = YES;
				CLANG_WARN_CONSTANT_CONVERSION = YES;
				CLANG_WARN_DEPRECATED_OBJC_IMPLEMENTATIONS = YES;
				CLANG_WARN_DIRECT_OBJC_ISA_USAGE = YES_ERROR;
				CLANG_WARN_DOCUMENTATION_COMMENTS = YES;
				CLANG_WARN_EMPTY_BODY = YES;
				CLANG_WARN_ENUM_CONVERSION = YES;
				CLANG_WARN_INFINITE_RECURSION = YES;
				CLANG_WARN_INT_CONVERSION = YES;
				CLANG_WARN_NON_LITERAL_NULL_CONVERSION = YES;
				CLANG_WARN_OBJC_IMPLICIT_RETAIN_SELF = YES;
				CLANG_WARN_OBJC_LITERAL_CONVERSION = YES;
				CLANG_WARN_OBJC_ROOT_CLASS = YES_ERROR;
				CLANG_WARN_QUOTED_INCLUDE_IN_FRAMEWORK_HEADER = YES;
				CLANG_WARN_RANGE_LOOP_ANALYSIS = YES;
				CLANG_WARN_STRICT_PROTOTYPES = YES;
				CLANG_WARN_SUSPICIOUS_MOVE = YES;
				CLANG_WARN_UNGUARDED_AVAILABILITY = YES_AGGRESSIVE;
				CLANG_WARN_UNREACHABLE_CODE = YES;
				CLANG_WARN__DUPLICATE_METHOD_MATCH = YES;
				COPY_PHASE_STRIP = NO;
				DEBUG_INFORMATION_FORMAT = dwarf;
				ENABLE_STRICT_OBJC_MSGSEND = YES;
				ENABLE_TESTABILITY = YES;
				ENABLE_USER_SCRIPT_SANDBOXING = YES;
				GCC_C_LANGUAGE_STANDARD = gnu17;
				GCC_DYNAMIC_NO_PIC = NO;
				GCC_NO_COMMON_BLOCKS = YES;
				GCC_OPTIMIZATION_LEVEL = 0;
				GCC_PREPROCESSOR_DEFINITIONS = (
					"DEBUG=1",
					"$(inherited)",
				);
				GCC_WARN_64_TO_32_BIT_CONVERSION = YES;
				GCC_WARN_ABOUT_RETURN_TYPE = YES_ERROR;
				GCC_WARN_UNDECLARED_SELECTOR = YES;
				GCC_WARN_UNINITIALIZED_AUTOS = YES_AGGRESSIVE;
				GCC_WARN_UNUSED_FUNCTION = YES;
				GCC_WARN_UNUSED_VARIABLE = YES;
				LOCALIZATION_PREFERS_STRING_CATALOGS = YES;
				MACOSX_DEPLOYMENT_TARGET = 15.1;
				MTL_ENABLE_DEBUG_INFO = INCLUDE_SOURCE;
				MTL_FAST_MATH = YES;
				ONLY_ACTIVE_ARCH = YES;
				SDKROOT = macosx;
				SWIFT_ACTIVE_COMPILATION_CONDITIONS = "DEBUG $(inherited)";
				SWIFT_OPTIMIZATION_LEVEL = "-Onone";
			};
			name = Debug;
		};
		202436E32CF032B000734E77 /* Release */ = {
			isa = XCBuildConfiguration;
			buildSettings = {
				ALWAYS_SEARCH_USER_PATHS = NO;
				ASSETCATALOG_COMPILER_GENERATE_SWIFT_ASSET_SYMBOL_EXTENSIONS = YES;
				CLANG_ANALYZER_NONNULL = YES;
				CLANG_ANALYZER_NUMBER_OBJECT_CONVERSION = YES_AGGRESSIVE;
				CLANG_CXX_LANGUAGE_STANDARD = "gnu++20";
				CLANG_ENABLE_MODULES = YES;
				CLANG_ENABLE_OBJC_ARC = YES;
				CLANG_ENABLE_OBJC_WEAK = YES;
				CLANG_WARN_BLOCK_CAPTURE_AUTORELEASING = YES;
				CLANG_WARN_BOOL_CONVERSION = YES;
				CLANG_WARN_COMMA = YES;
				CLANG_WARN_CONSTANT_CONVERSION = YES;
				CLANG_WARN_DEPRECATED_OBJC_IMPLEMENTATIONS = YES;
				CLANG_WARN_DIRECT_OBJC_ISA_USAGE = YES_ERROR;
				CLANG_WARN_DOCUMENTATION_COMMENTS = YES;
				CLANG_WARN_EMPTY_BODY = YES;
				CLANG_WARN_ENUM_CONVERSION = YES;
				CLANG_WARN_INFINITE_RECURSION = YES;
				CLANG_WARN_INT_CONVERSION = YES;
				CLANG_WARN_NON_LITERAL_NULL_CONVERSION = YES;
				CLANG_WARN_OBJC_IMPLICIT_RETAIN_SELF = YES;
				CLANG_WARN_OBJC_LITERAL_CONVERSION = YES;
				CLANG_WARN_OBJC_ROOT_CLASS = YES_ERROR;
				CLANG_WARN_QUOTED_INCLUDE_IN_FRAMEWORK_HEADER = YES;
				CLANG_WARN_RANGE_LOOP_ANALYSIS = YES;
				CLANG_WARN_STRICT_PROTOTYPES = YES;
				CLANG_WARN_SUSPICIOUS_MOVE = YES;
				CLANG_WARN_UNGUARDED_AVAILABILITY = YES_AGGRESSIVE;
				CLANG_WARN_UNREACHABLE_CODE = YES;
				CLANG_WARN__DUPLICATE_METHOD_MATCH = YES;
				COPY_PHASE_STRIP = NO;
				DEBUG_INFORMATION_FORMAT = "dwarf-with-dsym";
				ENABLE_NS_ASSERTIONS = NO;
				ENABLE_STRICT_OBJC_MSGSEND = YES;
				ENABLE_USER_SCRIPT_SANDBOXING = YES;
				GCC_C_LANGUAGE_STANDARD = gnu17;
				GCC_NO_COMMON_BLOCKS = YES;
				GCC_WARN_64_TO_32_BIT_CONVERSION = YES;
				GCC_WARN_ABOUT_RETURN_TYPE = YES_ERROR;
				GCC_WARN_UNDECLARED_SELECTOR = YES;
				GCC_WARN_UNINITIALIZED_AUTOS = YES_AGGRESSIVE;
				GCC_WARN_UNUSED_FUNCTION = YES;
				GCC_WARN_UNUSED_VARIABLE = YES;
				LOCALIZATION_PREFERS_STRING_CATALOGS = YES;
				MACOSX_DEPLOYMENT_TARGET = 15.1;
				MTL_ENABLE_DEBUG_INFO = NO;
				MTL_FAST_MATH = YES;
				SDKROOT = macosx;
				SWIFT_COMPILATION_MODE = wholemodule;
			};
			name = Release;
		};
		202436E52CF032B000734E77 /* Debug */ = {
			isa = XCBuildConfiguration;
			buildSettings = {
				ASSETCATALOG_COMPILER_APPICON_NAME = AppIcon;
				ASSETCATALOG_COMPILER_GLOBAL_ACCENT_COLOR_NAME = AccentColor;
				CODE_SIGN_ENTITLEMENTS = maculate/maculate.entitlements;
				CODE_SIGN_STYLE = Automatic;
				COMBINE_HIDPI_IMAGES = YES;
				CURRENT_PROJECT_VERSION = 1;
				DEVELOPMENT_ASSET_PATHS = "\"maculate/Preview Content\"";
				DEVELOPMENT_TEAM = APTCP6Z8HA;
				ENABLE_HARDENED_RUNTIME = YES;
				ENABLE_PREVIEWS = YES;
				GENERATE_INFOPLIST_FILE = YES;
				HEADER_SEARCH_PATHS = "$(PROJECT_DIR)/libqalc/result/include";
				INFOPLIST_KEY_NSHumanReadableCopyright = "";
				LD_RUNPATH_SEARCH_PATHS = (
					"$(inherited)",
					"@executable_path/../Frameworks",
				);
				LIBRARY_SEARCH_PATHS = (
					"$(inherited)",
					"$(PROJECT_DIR)/libqalc/result/lib",
				);
				MARKETING_VERSION = 1.0;
				PRODUCT_BUNDLE_IDENTIFIER = com.toastcat.maculate.maculate;
				PRODUCT_NAME = "$(TARGET_NAME)";
				SWIFT_EMIT_LOC_STRINGS = YES;
				SWIFT_OBJC_INTEROP_MODE = objcxx;
				SWIFT_VERSION = 5.0;
				USER_HEADER_SEARCH_PATHS = "$(SRCROOT)/result/include/**";
			};
			name = Debug;
		};
		202436E62CF032B000734E77 /* Release */ = {
			isa = XCBuildConfiguration;
			buildSettings = {
				ASSETCATALOG_COMPILER_APPICON_NAME = AppIcon;
				ASSETCATALOG_COMPILER_GLOBAL_ACCENT_COLOR_NAME = AccentColor;
				CODE_SIGN_ENTITLEMENTS = maculate/maculate.entitlements;
				CODE_SIGN_STYLE = Automatic;
				COMBINE_HIDPI_IMAGES = YES;
				CURRENT_PROJECT_VERSION = 1;
				DEVELOPMENT_ASSET_PATHS = "\"maculate/Preview Content\"";
				DEVELOPMENT_TEAM = APTCP6Z8HA;
				ENABLE_HARDENED_RUNTIME = YES;
				ENABLE_PREVIEWS = YES;
				GENERATE_INFOPLIST_FILE = YES;
				HEADER_SEARCH_PATHS = "$(PROJECT_DIR)/libqalc/result/include";
				INFOPLIST_KEY_NSHumanReadableCopyright = "";
				LD_RUNPATH_SEARCH_PATHS = (
					"$(inherited)",
					"@executable_path/../Frameworks",
				);
				LIBRARY_SEARCH_PATHS = (
					"$(inherited)",
					"$(PROJECT_DIR)/libqalc/result/lib",
				);
				MARKETING_VERSION = 1.0;
				PRODUCT_BUNDLE_IDENTIFIER = com.toastcat.maculate.maculate;
				PRODUCT_NAME = "$(TARGET_NAME)";
				SWIFT_EMIT_LOC_STRINGS = YES;
				SWIFT_OBJC_INTEROP_MODE = objcxx;
				SWIFT_VERSION = 5.0;
				USER_HEADER_SEARCH_PATHS = "$(SRCROOT)/result/include/**";
			};
			name = Release;
		};
		202436E82CF032B000734E77 /* Debug */ = {
			isa = XCBuildConfiguration;
			buildSettings = {
				BUNDLE_LOADER = "$(TEST_HOST)";
				CODE_SIGN_STYLE = Automatic;
				CURRENT_PROJECT_VERSION = 1;
				DEVELOPMENT_TEAM = APTCP6Z8HA;
				GENERATE_INFOPLIST_FILE = YES;
				MACOSX_DEPLOYMENT_TARGET = 15.1;
				MARKETING_VERSION = 1.0;
				PRODUCT_BUNDLE_IDENTIFIER = com.toastcat.maculate.maculateTests;
				PRODUCT_NAME = "$(TARGET_NAME)";
				SWIFT_EMIT_LOC_STRINGS = NO;
				SWIFT_VERSION = 5.0;
				TEST_HOST = "$(BUILT_PRODUCTS_DIR)/maculate.app/$(BUNDLE_EXECUTABLE_FOLDER_PATH)/maculate";
			};
			name = Debug;
		};
		202436E92CF032B000734E77 /* Release */ = {
			isa = XCBuildConfiguration;
			buildSettings = {
				BUNDLE_LOADER = "$(TEST_HOST)";
				CODE_SIGN_STYLE = Automatic;
				CURRENT_PROJECT_VERSION = 1;
				DEVELOPMENT_TEAM = APTCP6Z8HA;
				GENERATE_INFOPLIST_FILE = YES;
				MACOSX_DEPLOYMENT_TARGET = 15.1;
				MARKETING_VERSION = 1.0;
				PRODUCT_BUNDLE_IDENTIFIER = com.toastcat.maculate.maculateTests;
				PRODUCT_NAME = "$(TARGET_NAME)";
				SWIFT_EMIT_LOC_STRINGS = NO;
				SWIFT_VERSION = 5.0;
				TEST_HOST = "$(BUILT_PRODUCTS_DIR)/maculate.app/$(BUNDLE_EXECUTABLE_FOLDER_PATH)/maculate";
			};
			name = Release;
		};
		202436EB2CF032B000734E77 /* Debug */ = {
			isa = XCBuildConfiguration;
			buildSettings = {
				CODE_SIGN_STYLE = Automatic;
				CURRENT_PROJECT_VERSION = 1;
				DEVELOPMENT_TEAM = APTCP6Z8HA;
				GENERATE_INFOPLIST_FILE = YES;
				MARKETING_VERSION = 1.0;
				PRODUCT_BUNDLE_IDENTIFIER = com.toastcat.maculate.maculateUITests;
				PRODUCT_NAME = "$(TARGET_NAME)";
				SWIFT_EMIT_LOC_STRINGS = NO;
				SWIFT_VERSION = 5.0;
				TEST_TARGET_NAME = maculate;
			};
			name = Debug;
		};
		202436EC2CF032B000734E77 /* Release */ = {
			isa = XCBuildConfiguration;
			buildSettings = {
				CODE_SIGN_STYLE = Automatic;
				CURRENT_PROJECT_VERSION = 1;
				DEVELOPMENT_TEAM = APTCP6Z8HA;
				GENERATE_INFOPLIST_FILE = YES;
				MARKETING_VERSION = 1.0;
				PRODUCT_BUNDLE_IDENTIFIER = com.toastcat.maculate.maculateUITests;
				PRODUCT_NAME = "$(TARGET_NAME)";
				SWIFT_EMIT_LOC_STRINGS = NO;
				SWIFT_VERSION = 5.0;
				TEST_TARGET_NAME = maculate;
			};
			name = Release;
		};
		202EDAAC2CF0DE9700426644 /* Debug */ = {
			isa = XCBuildConfiguration;
			buildSettings = {
				BUILD_LIBRARY_FOR_DISTRIBUTION = YES;
				CODE_SIGN_STYLE = Automatic;
				COMBINE_HIDPI_IMAGES = YES;
				CURRENT_PROJECT_VERSION = 1;
				DEFINES_MODULE = YES;
				DEVELOPMENT_TEAM = APTCP6Z8HA;
				DYLIB_COMPATIBILITY_VERSION = 1;
				DYLIB_CURRENT_VERSION = 1;
				DYLIB_INSTALL_NAME_BASE = "@rpath";
				ENABLE_MODULE_VERIFIER = YES;
				GENERATE_INFOPLIST_FILE = YES;
				HEADER_SEARCH_PATHS = "$(PROJECT_DIR)/libqalc/result/include/**";
				INFOPLIST_KEY_NSHumanReadableCopyright = "";
				INSTALL_PATH = "$(LOCAL_LIBRARY_DIR)/Frameworks";
				LD_RUNPATH_SEARCH_PATHS = (
					"$(inherited)",
					"@executable_path/../Frameworks",
					"@loader_path/Frameworks",
				);
				LIBRARY_SEARCH_PATHS = (
					"$(inherited)",
					"$(PROJECT_DIR)/libqalc/result/lib",
				);
				MARKETING_VERSION = 1.0;
				MODULE_VERIFIER_SUPPORTED_LANGUAGES = "objective-c objective-c++";
				MODULE_VERIFIER_SUPPORTED_LANGUAGE_STANDARDS = "gnu17 gnu++20";
				PRODUCT_BUNDLE_IDENTIFIER = com.toastcat.maculate.QalculateFramework;
				PRODUCT_NAME = "$(TARGET_NAME:c99extidentifier)";
				SKIP_INSTALL = YES;
				SWIFT_EMIT_LOC_STRINGS = YES;
				SWIFT_INSTALL_OBJC_HEADER = NO;
				SWIFT_VERSION = 5.0;
				VERSIONING_SYSTEM = "apple-generic";
				VERSION_INFO_PREFIX = "";
			};
			name = Debug;
		};
		202EDAAD2CF0DE9700426644 /* Release */ = {
			isa = XCBuildConfiguration;
			buildSettings = {
				BUILD_LIBRARY_FOR_DISTRIBUTION = YES;
				CODE_SIGN_STYLE = Automatic;
				COMBINE_HIDPI_IMAGES = YES;
				CURRENT_PROJECT_VERSION = 1;
				DEFINES_MODULE = YES;
				DEVELOPMENT_TEAM = APTCP6Z8HA;
				DYLIB_COMPATIBILITY_VERSION = 1;
				DYLIB_CURRENT_VERSION = 1;
				DYLIB_INSTALL_NAME_BASE = "@rpath";
				ENABLE_MODULE_VERIFIER = YES;
				GENERATE_INFOPLIST_FILE = YES;
				HEADER_SEARCH_PATHS = "$(PROJECT_DIR)/libqalc/result/include/**";
				INFOPLIST_KEY_NSHumanReadableCopyright = "";
				INSTALL_PATH = "$(LOCAL_LIBRARY_DIR)/Frameworks";
				LD_RUNPATH_SEARCH_PATHS = (
					"$(inherited)",
					"@executable_path/../Frameworks",
					"@loader_path/Frameworks",
				);
				LIBRARY_SEARCH_PATHS = (
					"$(inherited)",
					"$(PROJECT_DIR)/libqalc/result/lib",
				);
				MARKETING_VERSION = 1.0;
				MODULE_VERIFIER_SUPPORTED_LANGUAGES = "objective-c objective-c++";
				MODULE_VERIFIER_SUPPORTED_LANGUAGE_STANDARDS = "gnu17 gnu++20";
				PRODUCT_BUNDLE_IDENTIFIER = com.toastcat.maculate.QalculateFramework;
				PRODUCT_NAME = "$(TARGET_NAME:c99extidentifier)";
				SKIP_INSTALL = YES;
				SWIFT_EMIT_LOC_STRINGS = YES;
				SWIFT_INSTALL_OBJC_HEADER = NO;
				SWIFT_VERSION = 5.0;
				VERSIONING_SYSTEM = "apple-generic";
				VERSION_INFO_PREFIX = "";
			};
			name = Release;
		};
/* End XCBuildConfiguration section */

/* Begin XCConfigurationList section */
		202436BA2CF032AE00734E77 /* Build configuration list for PBXProject "maculate" */ = {
			isa = XCConfigurationList;
			buildConfigurations = (
				202436E22CF032B000734E77 /* Debug */,
				202436E32CF032B000734E77 /* Release */,
			);
			defaultConfigurationIsVisible = 0;
			defaultConfigurationName = Release;
		};
		202436E42CF032B000734E77 /* Build configuration list for PBXNativeTarget "maculate" */ = {
			isa = XCConfigurationList;
			buildConfigurations = (
				202436E52CF032B000734E77 /* Debug */,
				202436E62CF032B000734E77 /* Release */,
			);
			defaultConfigurationIsVisible = 0;
			defaultConfigurationName = Release;
		};
		202436E72CF032B000734E77 /* Build configuration list for PBXNativeTarget "maculateTests" */ = {
			isa = XCConfigurationList;
			buildConfigurations = (
				202436E82CF032B000734E77 /* Debug */,
				202436E92CF032B000734E77 /* Release */,
			);
			defaultConfigurationIsVisible = 0;
			defaultConfigurationName = Release;
		};
		202436EA2CF032B000734E77 /* Build configuration list for PBXNativeTarget "maculateUITests" */ = {
			isa = XCConfigurationList;
			buildConfigurations = (
				202436EB2CF032B000734E77 /* Debug */,
				202436EC2CF032B000734E77 /* Release */,
			);
			defaultConfigurationIsVisible = 0;
			defaultConfigurationName = Release;
		};
		202EDAAB2CF0DE9700426644 /* Build configuration list for PBXNativeTarget "Qalculate" */ = {
			isa = XCConfigurationList;
			buildConfigurations = (
				202EDAAC2CF0DE9700426644 /* Debug */,
				202EDAAD2CF0DE9700426644 /* Release */,
			);
			defaultConfigurationIsVisible = 0;
			defaultConfigurationName = Release;
		};
/* End XCConfigurationList section */
	};
	rootObject = 202436B72CF032AE00734E77 /* Project object */;
}
