// !$*UTF8*$!
{
	archiveVersion = 1;
	classes = {
	};
	objectVersion = 77;
	objects = {

/* Begin PBXContainerItemProxy section */
		202436D12CF032B000734E77 /* PBXContainerItemProxy */ = {
			isa = PBXContainerItemProxy;
			containerPortal = 202436B72CF032AE00734E77 /* Project object */;
			proxyType = 1;
			remoteGlobalIDString = 202436BE2CF032AE00734E77;
			remoteInfo = maculate;
		};
		202436DB2CF032B000734E77 /* PBXContainerItemProxy */ = {
			isa = PBXContainerItemProxy;
			containerPortal = 202436B72CF032AE00734E77 /* Project object */;
			proxyType = 1;
			remoteGlobalIDString = 202436BE2CF032AE00734E77;
			remoteInfo = maculate;
		};
/* End PBXContainerItemProxy section */

/* Begin PBXFileReference section */
		202436BF2CF032AE00734E77 /* maculate.app */ = {isa = PBXFileReference; explicitFileType = wrapper.application; includeInIndex = 0; path = maculate.app; sourceTree = BUILT_PRODUCTS_DIR; };
		202436D02CF032B000734E77 /* maculateTests.xctest */ = {isa = PBXFileReference; explicitFileType = wrapper.cfbundle; includeInIndex = 0; path = maculateTests.xctest; sourceTree = BUILT_PRODUCTS_DIR; };
		202436DA2CF032B000734E77 /* maculateUITests.xctest */ = {isa = PBXFileReference; explicitFileType = wrapper.cfbundle; includeInIndex = 0; path = maculateUITests.xctest; sourceTree = BUILT_PRODUCTS_DIR; };
/* End PBXFileReference section */

/* Begin PBXFileSystemSynchronizedRootGroup section */
		202436C12CF032AE00734E77 /* maculate */ = {
			isa = PBXFileSystemSynchronizedRootGroup;
			path = maculate;
			sourceTree = "<group>";
		};
		202436D32CF032B000734E77 /* maculateTests */ = {
			isa = PBXFileSystemSynchronizedRootGroup;
			path = maculateTests;
			sourceTree = "<group>";
		};
		202436DD2CF032B000734E77 /* maculateUITests */ = {
			isa = PBXFileSystemSynchronizedRootGroup;
			path = maculateUITests;
			sourceTree = "<group>";
		};
/* End PBXFileSystemSynchronizedRootGroup section */

/* Begin PBXFrameworksBuildPhase section */
		202436BC2CF032AE00734E77 /* Frameworks */ = {
			isa = PBXFrameworksBuildPhase;
			buildActionMask = 2147483647;
			files = (
			);
			runOnlyForDeploymentPostprocessing = 0;
		};
		202436CD2CF032B000734E77 /* Frameworks */ = {
			isa = PBXFrameworksBuildPhase;
			buildActionMask = 2147483647;
			files = (
			);
			runOnlyForDeploymentPostprocessing = 0;
		};
		202436D72CF032B000734E77 /* Frameworks */ = {
			isa = PBXFrameworksBuildPhase;
			buildActionMask = 2147483647;
			files = (
			);
			runOnlyForDeploymentPostprocessing = 0;
		};
/* End PBXFrameworksBuildPhase section */

/* Begin PBXGroup section */
		202436B62CF032AE00734E77 = {
			isa = PBXGroup;
			children = (
				202436C12CF032AE00734E77 /* maculate */,
				202436D32CF032B000734E77 /* maculateTests */,
				202436DD2CF032B000734E77 /* maculateUITests */,
				202436C02CF032AE00734E77 /* Products */,
			);
			sourceTree = "<group>";
		};
		202436C02CF032AE00734E77 /* Products */ = {
			isa = PBXGroup;
			children = (
				202436BF2CF032AE00734E77 /* maculate.app */,
				202436D02CF032B000734E77 /* maculateTests.xctest */,
				202436DA2CF032B000734E77 /* maculateUITests.xctest */,
			);
			name = Products;
			sourceTree = "<group>";
		};
/* End PBXGroup section */

/* Begin PBXNativeTarget section */
		202436BE2CF032AE00734E77 /* maculate */ = {
			isa = PBXNativeTarget;
			buildConfigurationList = 202436E42CF032B000734E77 /* Build configuration list for PBXNativeTarget "maculate" */;
			buildPhases = (
				202436BB2CF032AE00734E77 /* Sources */,
				202436BC2CF032AE00734E77 /* Frameworks */,
				202436BD2CF032AE00734E77 /* Resources */,
			);
			buildRules = (
			);
			dependencies = (
			);
			fileSystemSynchronizedGroups = (
				202436C12CF032AE00734E77 /* maculate */,
			);
			name = maculate;
			packageProductDependencies = (
			);
			productName = maculate;
			productReference = 202436BF2CF032AE00734E77 /* maculate.app */;
			productType = "com.apple.product-type.application";
		};
		202436CF2CF032B000734E77 /* maculateTests */ = {
			isa = PBXNativeTarget;
			buildConfigurationList = 202436E72CF032B000734E77 /* Build configuration list for PBXNativeTarget "maculateTests" */;
			buildPhases = (
				202436CC2CF032B000734E77 /* Sources */,
				202436CD2CF032B000734E77 /* Frameworks */,
				202436CE2CF032B000734E77 /* Resources */,
			);
			buildRules = (
			);
			dependencies = (
				202436D22CF032B000734E77 /* PBXTargetDependency */,
			);
			fileSystemSynchronizedGroups = (
				202436D32CF032B000734E77 /* maculateTests */,
			);
			name = maculateTests;
			packageProductDependencies = (
			);
			productName = maculateTests;
			productReference = 202436D02CF032B000734E77 /* maculateTests.xctest */;
			productType = "com.apple.product-type.bundle.unit-test";
		};
		202436D92CF032B000734E77 /* maculateUITests */ = {
			isa = PBXNativeTarget;
			buildConfigurationList = 202436EA2CF032B000734E77 /* Build configuration list for PBXNativeTarget "maculateUITests" */;
			buildPhases = (
				202436D62CF032B000734E77 /* Sources */,
				202436D72CF032B000734E77 /* Frameworks */,
				202436D82CF032B000734E77 /* Resources */,
			);
			buildRules = (
			);
			dependencies = (
				202436DC2CF032B000734E77 /* PBXTargetDependency */,
			);
			fileSystemSynchronizedGroups = (
				202436DD2CF032B000734E77 /* maculateUITests */,
			);
			name = maculateUITests;
			packageProductDependencies = (
			);
			productName = maculateUITests;
			productReference = 202436DA2CF032B000734E77 /* maculateUITests.xctest */;
			productType = "com.apple.product-type.bundle.ui-testing";
		};
/* End PBXNativeTarget section */

/* Begin PBXProject section */
		202436B72CF032AE00734E77 /* Project object */ = {
			isa = PBXProject;
			attributes = {
				BuildIndependentTargetsInParallel = 1;
				LastSwiftUpdateCheck = 1610;
				LastUpgradeCheck = 1610;
				TargetAttributes = {
					202436BE2CF032AE00734E77 = {
						CreatedOnToolsVersion = 16.1;
					};
					202436CF2CF032B000734E77 = {
						CreatedOnToolsVersion = 16.1;
						TestTargetID = 202436BE2CF032AE00734E77;
					};
					202436D92CF032B000734E77 = {
						CreatedOnToolsVersion = 16.1;
						TestTargetID = 202436BE2CF032AE00734E77;
					};
				};
			};
			buildConfigurationList = 202436BA2CF032AE00734E77 /* Build configuration list for PBXProject "maculate" */;
			developmentRegion = en;
			hasScannedForEncodings = 0;
			knownRegions = (
				en,
				Base,
			);
			mainGroup = 202436B62CF032AE00734E77;
			minimizedProjectReferenceProxies = 1;
			preferredProjectObjectVersion = 77;
			productRefGroup = 202436C02CF032AE00734E77 /* Products */;
			projectDirPath = "";
			projectRoot = "";
			targets = (
				202436BE2CF032AE00734E77 /* maculate */,
				202436CF2CF032B000734E77 /* maculateTests */,
				202436D92CF032B000734E77 /* maculateUITests */,
			);
		};
/* End PBXProject section */

/* Begin PBXResourcesBuildPhase section */
		202436BD2CF032AE00734E77 /* Resources */ = {
			isa = PBXResourcesBuildPhase;
			buildActionMask = 2147483647;
			files = (
			);
			runOnlyForDeploymentPostprocessing = 0;
		};
		202436CE2CF032B000734E77 /* Resources */ = {
			isa = PBXResourcesBuildPhase;
			buildActionMask = 2147483647;
			files = (
			);
			runOnlyForDeploymentPostprocessing = 0;
		};
		202436D82CF032B000734E77 /* Resources */ = {
			isa = PBXResourcesBuildPhase;
			buildActionMask = 2147483647;
			files = (
			);
			runOnlyForDeploymentPostprocessing = 0;
		};
/* End PBXResourcesBuildPhase section */

/* Begin PBXSourcesBuildPhase section */
		202436BB2CF032AE00734E77 /* Sources */ = {
			isa = PBXSourcesBuildPhase;
			buildActionMask = 2147483647;
			files = (
			);
			runOnlyForDeploymentPostprocessing = 0;
		};
		202436CC2CF032B000734E77 /* Sources */ = {
			isa = PBXSourcesBuildPhase;
			buildActionMask = 2147483647;
			files = (
			);
			runOnlyForDeploymentPostprocessing = 0;
		};
		202436D62CF032B000734E77 /* Sources */ = {
			isa = PBXSourcesBuildPhase;
			buildActionMask = 2147483647;
			files = (
			);
			runOnlyForDeploymentPostprocessing = 0;
		};
/* End PBXSourcesBuildPhase section */

/* Begin PBXTargetDependency section */
		202436D22CF032B000734E77 /* PBXTargetDependency */ = {
			isa = PBXTargetDependency;
			target = 202436BE2CF032AE00734E77 /* maculate */;
			targetProxy = 202436D12CF032B000734E77 /* PBXContainerItemProxy */;
		};
		202436DC2CF032B000734E77 /* PBXTargetDependency */ = {
			isa = PBXTargetDependency;
			target = 202436BE2CF032AE00734E77 /* maculate */;
			targetProxy = 202436DB2CF032B000734E77 /* PBXContainerItemProxy */;
		};
/* End PBXTargetDependency section */

/* Begin XCBuildConfiguration section */
		202436E22CF032B000734E77 /* Debug */ = {
			isa = XCBuildConfiguration;
			buildSettings = {
				ALWAYS_SEARCH_USER_PATHS = NO;
				ASSETCATALOG_COMPILER_GENERATE_SWIFT_ASSET_SYMBOL_EXTENSIONS = YES;
				CLANG_ANALYZER_NONNULL = YES;
				CLANG_ANALYZER_NUMBER_OBJECT_CONVERSION = YES_AGGRESSIVE;
				CLANG_CXX_LANGUAGE_STANDARD = "gnu++20";
				CLANG_ENABLE_MODULES = YES;
				CLANG_ENABLE_OBJC_ARC = YES;
				CLANG_ENABLE_OBJC_WEAK = YES;
				CLANG_WARN_BLOCK_CAPTURE_AUTORELEASING = YES;
				CLANG_WARN_BOOL_CONVERSION = YES;
				CLANG_WARN_COMMA = YES;
				CLANG_WARN_CONSTANT_CONVERSION = YES;
				CLANG_WARN_DEPRECATED_OBJC_IMPLEMENTATIONS = YES;
				CLANG_WARN_DIRECT_OBJC_ISA_USAGE = YES_ERROR;
				CLANG_WARN_DOCUMENTATION_COMMENTS = YES;
				CLANG_WARN_EMPTY_BODY = YES;
				CLANG_WARN_ENUM_CONVERSION = YES;
				CLANG_WARN_INFINITE_RECURSION = YES;
				CLANG_WARN_INT_CONVERSION = YES;
				CLANG_WARN_NON_LITERAL_NULL_CONVERSION = YES;
				CLANG_WARN_OBJC_IMPLICIT_RETAIN_SELF = YES;
				CLANG_WARN_OBJC_LITERAL_CONVERSION = YES;
				CLANG_WARN_OBJC_ROOT_CLASS = YES_ERROR;
				CLANG_WARN_QUOTED_INCLUDE_IN_FRAMEWORK_HEADER = YES;
				CLANG_WARN_RANGE_LOOP_ANALYSIS = YES;
				CLANG_WARN_STRICT_PROTOTYPES = YES;
				CLANG_WARN_SUSPICIOUS_MOVE = YES;
				CLANG_WARN_UNGUARDED_AVAILABILITY = YES_AGGRESSIVE;
				CLANG_WARN_UNREACHABLE_CODE = YES;
				CLANG_WARN__DUPLICATE_METHOD_MATCH = YES;
				COPY_PHASE_STRIP = NO;
				DEBUG_INFORMATION_FORMAT = dwarf;
				ENABLE_STRICT_OBJC_MSGSEND = YES;
				ENABLE_TESTABILITY = YES;
				ENABLE_USER_SCRIPT_SANDBOXING = YES;
				GCC_C_LANGUAGE_STANDARD = gnu17;
				GCC_DYNAMIC_NO_PIC = NO;
				GCC_NO_COMMON_BLOCKS = YES;
				GCC_OPTIMIZATION_LEVEL = 0;
				GCC_PREPROCESSOR_DEFINITIONS = (
					"DEBUG=1",
					"$(inherited)",
				);
				GCC_WARN_64_TO_32_BIT_CONVERSION = YES;
				GCC_WARN_ABOUT_RETURN_TYPE = YES_ERROR;
				GCC_WARN_UNDECLARED_SELECTOR = YES;
				GCC_WARN_UNINITIALIZED_AUTOS = YES_AGGRESSIVE;
				GCC_WARN_UNUSED_FUNCTION = YES;
				GCC_WARN_UNUSED_VARIABLE = YES;
				LOCALIZATION_PREFERS_STRING_CATALOGS = YES;
				MACOSX_DEPLOYMENT_TARGET = 15.1;
				MTL_ENABLE_DEBUG_INFO = INCLUDE_SOURCE;
				MTL_FAST_MATH = YES;
				ONLY_ACTIVE_ARCH = YES;
				SDKROOT = macosx;
				SWIFT_ACTIVE_COMPILATION_CONDITIONS = "DEBUG $(inherited)";
				SWIFT_OPTIMIZATION_LEVEL = "-Onone";
			};
			name = Debug;
		};
		202436E32CF032B000734E77 /* Release */ = {
			isa = XCBuildConfiguration;
			buildSettings = {
				ALWAYS_SEARCH_USER_PATHS = NO;
				ASSETCATALOG_COMPILER_GENERATE_SWIFT_ASSET_SYMBOL_EXTENSIONS = YES;
				CLANG_ANALYZER_NONNULL = YES;
				CLANG_ANALYZER_NUMBER_OBJECT_CONVERSION = YES_AGGRESSIVE;
				CLANG_CXX_LANGUAGE_STANDARD = "gnu++20";
				CLANG_ENABLE_MODULES = YES;
				CLANG_ENABLE_OBJC_ARC = YES;
				CLANG_ENABLE_OBJC_WEAK = YES;
				CLANG_WARN_BLOCK_CAPTURE_AUTORELEASING = YES;
				CLANG_WARN_BOOL_CONVERSION = YES;
				CLANG_WARN_COMMA = YES;
				CLANG_WARN_CONSTANT_CONVERSION = YES;
				CLANG_WARN_DEPRECATED_OBJC_IMPLEMENTATIONS = YES;
				CLANG_WARN_DIRECT_OBJC_ISA_USAGE = YES_ERROR;
				CLANG_WARN_DOCUMENTATION_COMMENTS = YES;
				CLANG_WARN_EMPTY_BODY = YES;
				CLANG_WARN_ENUM_CONVERSION = YES;
				CLANG_WARN_INFINITE_RECURSION = YES;
				CLANG_WARN_INT_CONVERSION = YES;
				CLANG_WARN_NON_LITERAL_NULL_CONVERSION = YES;
				CLANG_WARN_OBJC_IMPLICIT_RETAIN_SELF = YES;
				CLANG_WARN_OBJC_LITERAL_CONVERSION = YES;
				CLANG_WARN_OBJC_ROOT_CLASS = YES_ERROR;
				CLANG_WARN_QUOTED_INCLUDE_IN_FRAMEWORK_HEADER = YES;
				CLANG_WARN_RANGE_LOOP_ANALYSIS = YES;
				CLANG_WARN_STRICT_PROTOTYPES = YES;
				CLANG_WARN_SUSPICIOUS_MOVE = YES;
				CLANG_WARN_UNGUARDED_AVAILABILITY = YES_AGGRESSIVE;
				CLANG_WARN_UNREACHABLE_CODE = YES;
				CLANG_WARN__DUPLICATE_METHOD_MATCH = YES;
				COPY_PHASE_STRIP = NO;
				DEBUG_INFORMATION_FORMAT = "dwarf-with-dsym";
				ENABLE_NS_ASSERTIONS = NO;
				ENABLE_STRICT_OBJC_MSGSEND = YES;
				ENABLE_USER_SCRIPT_SANDBOXING = YES;
				GCC_C_LANGUAGE_STANDARD = gnu17;
				GCC_NO_COMMON_BLOCKS = YES;
				GCC_WARN_64_TO_32_BIT_CONVERSION = YES;
				GCC_WARN_ABOUT_RETURN_TYPE = YES_ERROR;
				GCC_WARN_UNDECLARED_SELECTOR = YES;
				GCC_WARN_UNINITIALIZED_AUTOS = YES_AGGRESSIVE;
				GCC_WARN_UNUSED_FUNCTION = YES;
				GCC_WARN_UNUSED_VARIABLE = YES;
				LOCALIZATION_PREFERS_STRING_CATALOGS = YES;
				MACOSX_DEPLOYMENT_TARGET = 15.1;
				MTL_ENABLE_DEBUG_INFO = NO;
				MTL_FAST_MATH = YES;
				SDKROOT = macosx;
				SWIFT_COMPILATION_MODE = wholemodule;
			};
			name = Release;
		};
		202436E52CF032B000734E77 /* Debug */ = {
			isa = XCBuildConfiguration;
			buildSettings = {
				ASSETCATALOG_COMPILER_APPICON_NAME = AppIcon;
				ASSETCATALOG_COMPILER_GLOBAL_ACCENT_COLOR_NAME = AccentColor;
				CODE_SIGN_ENTITLEMENTS = maculate/maculate.entitlements;
				CODE_SIGN_STYLE = Automatic;
				COMBINE_HIDPI_IMAGES = YES;
				CURRENT_PROJECT_VERSION = 1;
				DEVELOPMENT_ASSET_PATHS = "\"maculate/Preview Content\"";
				DEVELOPMENT_TEAM = APTCP6Z8HA;
				ENABLE_HARDENED_RUNTIME = YES;
				ENABLE_PREVIEWS = YES;
				GENERATE_INFOPLIST_FILE = YES;
				INFOPLIST_KEY_NSHumanReadableCopyright = "";
				LD_RUNPATH_SEARCH_PATHS = (
					"$(inherited)",
					"@executable_path/../Frameworks",
				);
				MARKETING_VERSION = 1.0;
				PRODUCT_BUNDLE_IDENTIFIER = com.toastcat.maculate.maculate;
				PRODUCT_NAME = "$(TARGET_NAME)";
				SWIFT_EMIT_LOC_STRINGS = YES;
				SWIFT_VERSION = 5.0;
			};
			name = Debug;
		};
		202436E62CF032B000734E77 /* Release */ = {
			isa = XCBuildConfiguration;
			buildSettings = {
				ASSETCATALOG_COMPILER_APPICON_NAME = AppIcon;
				ASSETCATALOG_COMPILER_GLOBAL_ACCENT_COLOR_NAME = AccentColor;
				CODE_SIGN_ENTITLEMENTS = maculate/maculate.entitlements;
				CODE_SIGN_STYLE = Automatic;
				COMBINE_HIDPI_IMAGES = YES;
				CURRENT_PROJECT_VERSION = 1;
				DEVELOPMENT_ASSET_PATHS = "\"maculate/Preview Content\"";
				DEVELOPMENT_TEAM = APTCP6Z8HA;
				ENABLE_HARDENED_RUNTIME = YES;
				ENABLE_PREVIEWS = YES;
				GENERATE_INFOPLIST_FILE = YES;
				INFOPLIST_KEY_NSHumanReadableCopyright = "";
				LD_RUNPATH_SEARCH_PATHS = (
					"$(inherited)",
					"@executable_path/../Frameworks",
				);
				MARKETING_VERSION = 1.0;
				PRODUCT_BUNDLE_IDENTIFIER = com.toastcat.maculate.maculate;
				PRODUCT_NAME = "$(TARGET_NAME)";
				SWIFT_EMIT_LOC_STRINGS = YES;
				SWIFT_VERSION = 5.0;
			};
			name = Release;
		};
		202436E82CF032B000734E77 /* Debug */ = {
			isa = XCBuildConfiguration;
			buildSettings = {
				BUNDLE_LOADER = "$(TEST_HOST)";
				CODE_SIGN_STYLE = Automatic;
				CURRENT_PROJECT_VERSION = 1;
				DEVELOPMENT_TEAM = APTCP6Z8HA;
				GENERATE_INFOPLIST_FILE = YES;
				MACOSX_DEPLOYMENT_TARGET = 15.1;
				MARKETING_VERSION = 1.0;
				PRODUCT_BUNDLE_IDENTIFIER = com.toastcat.maculate.maculateTests;
				PRODUCT_NAME = "$(TARGET_NAME)";
				SWIFT_EMIT_LOC_STRINGS = NO;
				SWIFT_VERSION = 5.0;
				TEST_HOST = "$(BUILT_PRODUCTS_DIR)/maculate.app/$(BUNDLE_EXECUTABLE_FOLDER_PATH)/maculate";
			};
			name = Debug;
		};
		202436E92CF032B000734E77 /* Release */ = {
			isa = XCBuildConfiguration;
			buildSettings = {
				BUNDLE_LOADER = "$(TEST_HOST)";
				CODE_SIGN_STYLE = Automatic;
				CURRENT_PROJECT_VERSION = 1;
				DEVELOPMENT_TEAM = APTCP6Z8HA;
				GENERATE_INFOPLIST_FILE = YES;
				MACOSX_DEPLOYMENT_TARGET = 15.1;
				MARKETING_VERSION = 1.0;
				PRODUCT_BUNDLE_IDENTIFIER = com.toastcat.maculate.maculateTests;
				PRODUCT_NAME = "$(TARGET_NAME)";
				SWIFT_EMIT_LOC_STRINGS = NO;
				SWIFT_VERSION = 5.0;
				TEST_HOST = "$(BUILT_PRODUCTS_DIR)/maculate.app/$(BUNDLE_EXECUTABLE_FOLDER_PATH)/maculate";
			};
			name = Release;
		};
		202436EB2CF032B000734E77 /* Debug */ = {
			isa = XCBuildConfiguration;
			buildSettings = {
				CODE_SIGN_STYLE = Automatic;
				CURRENT_PROJECT_VERSION = 1;
				DEVELOPMENT_TEAM = APTCP6Z8HA;
				GENERATE_INFOPLIST_FILE = YES;
				MARKETING_VERSION = 1.0;
				PRODUCT_BUNDLE_IDENTIFIER = com.toastcat.maculate.maculateUITests;
				PRODUCT_NAME = "$(TARGET_NAME)";
				SWIFT_EMIT_LOC_STRINGS = NO;
				SWIFT_VERSION = 5.0;
				TEST_TARGET_NAME = maculate;
			};
			name = Debug;
		};
		202436EC2CF032B000734E77 /* Release */ = {
			isa = XCBuildConfiguration;
			buildSettings = {
				CODE_SIGN_STYLE = Automatic;
				CURRENT_PROJECT_VERSION = 1;
				DEVELOPMENT_TEAM = APTCP6Z8HA;
				GENERATE_INFOPLIST_FILE = YES;
				MARKETING_VERSION = 1.0;
				PRODUCT_BUNDLE_IDENTIFIER = com.toastcat.maculate.maculateUITests;
				PRODUCT_NAME = "$(TARGET_NAME)";
				SWIFT_EMIT_LOC_STRINGS = NO;
				SWIFT_VERSION = 5.0;
				TEST_TARGET_NAME = maculate;
			};
			name = Release;
		};
/* End XCBuildConfiguration section */

/* Begin XCConfigurationList section */
		202436BA2CF032AE00734E77 /* Build configuration list for PBXProject "maculate" */ = {
			isa = XCConfigurationList;
			buildConfigurations = (
				202436E22CF032B000734E77 /* Debug */,
				202436E32CF032B000734E77 /* Release */,
			);
			defaultConfigurationIsVisible = 0;
			defaultConfigurationName = Release;
		};
		202436E42CF032B000734E77 /* Build configuration list for PBXNativeTarget "maculate" */ = {
			isa = XCConfigurationList;
			buildConfigurations = (
				202436E52CF032B000734E77 /* Debug */,
				202436E62CF032B000734E77 /* Release */,
			);
			defaultConfigurationIsVisible = 0;
			defaultConfigurationName = Release;
		};
		202436E72CF032B000734E77 /* Build configuration list for PBXNativeTarget "maculateTests" */ = {
			isa = XCConfigurationList;
			buildConfigurations = (
				202436E82CF032B000734E77 /* Debug */,
				202436E92CF032B000734E77 /* Release */,
			);
			defaultConfigurationIsVisible = 0;
			defaultConfigurationName = Release;
		};
		202436EA2CF032B000734E77 /* Build configuration list for PBXNativeTarget "maculateUITests" */ = {
			isa = XCConfigurationList;
			buildConfigurations = (
				202436EB2CF032B000734E77 /* Debug */,
				202436EC2CF032B000734E77 /* Release */,
			);
			defaultConfigurationIsVisible = 0;
			defaultConfigurationName = Release;
		};
/* End XCConfigurationList section */
	};
	rootObject = 202436B72CF032AE00734E77 /* Project object */;
}
