// !$*UTF8*$!
{
	archiveVersion = 1;
	classes = {
	};
	objectVersion = 77;
	objects = {

/* Begin PBXBuildFile section */
		2095822B2CF6A3B4005828DD /* PrivacyInfo.xcprivacy in Resources */ = {isa = PBXBuildFile; fileRef = 2095822A2CF6A3B4005828DD /* PrivacyInfo.xcprivacy */; };
		20B14BE12CF78C470096EA8A /* Qalculate.framework in Frameworks */ = {isa = PBXBuildFile; fileRef = 202EDAA02CF0DE9700426644 /* Qalculate.framework */; };
		20B14BE22CF78C470096EA8A /* Qalculate.framework in Embed Frameworks */ = {isa = PBXBuildFile; fileRef = 202EDAA02CF0DE9700426644 /* Qalculate.framework */; settings = {ATTRIBUTES = (CodeSignOnCopy, RemoveHeadersOnCopy, ); }; };
		20FD15802CF2ED640059D150 /* SwiftUIIntrospect in Frameworks */ = {isa = PBXBuildFile; productRef = 20FD157F2CF2ED640059D150 /* SwiftUIIntrospect */; };
/* End PBXBuildFile section */

/* Begin PBXContainerItemProxy section */
		202436D12CF032B000734E77 /* PBXContainerItemProxy */ = {
			isa = PBXContainerItemProxy;
			containerPortal = 202436B72CF032AE00734E77 /* Project object */;
			proxyType = 1;
			remoteGlobalIDString = 202436BE2CF032AE00734E77;
			remoteInfo = maculate;
		};
		202436DB2CF032B000734E77 /* PBXContainerItemProxy */ = {
			isa = PBXContainerItemProxy;
			containerPortal = 202436B72CF032AE00734E77 /* Project object */;
			proxyType = 1;
			remoteGlobalIDString = 202436BE2CF032AE00734E77;
			remoteInfo = maculate;
		};
		20B14BE32CF78C470096EA8A /* PBXContainerItemProxy */ = {
			isa = PBXContainerItemProxy;
			containerPortal = 202436B72CF032AE00734E77 /* Project object */;
			proxyType = 1;
			remoteGlobalIDString = 202EDA9F2CF0DE9700426644;
			remoteInfo = Qalculate;
		};
/* End PBXContainerItemProxy section */

/* Begin PBXCopyFilesBuildPhase section */
		205A14E52CF7915700F56A00 /* Embed Frameworks */ = {
			isa = PBXCopyFilesBuildPhase;
			buildActionMask = 2147483647;
			dstPath = "";
			dstSubfolderSpec = 10;
			files = (
			);
			name = "Embed Frameworks";
			runOnlyForDeploymentPostprocessing = 0;
		};
		20B14BE52CF78C470096EA8A /* Embed Frameworks */ = {
			isa = PBXCopyFilesBuildPhase;
			buildActionMask = 2147483647;
			dstPath = "";
			dstSubfolderSpec = 10;
			files = (
				20B14BE22CF78C470096EA8A /* Qalculate.framework in Embed Frameworks */,
			);
			name = "Embed Frameworks";
			runOnlyForDeploymentPostprocessing = 0;
		};
/* End PBXCopyFilesBuildPhase section */

/* Begin PBXFileReference section */
		202436BF2CF032AE00734E77 /* Maculate.app */ = {isa = PBXFileReference; explicitFileType = wrapper.application; includeInIndex = 0; path = Maculate.app; sourceTree = BUILT_PRODUCTS_DIR; };
		202436D02CF032B000734E77 /* maculateTests.xctest */ = {isa = PBXFileReference; explicitFileType = wrapper.cfbundle; includeInIndex = 0; path = maculateTests.xctest; sourceTree = BUILT_PRODUCTS_DIR; };
		202436DA2CF032B000734E77 /* maculateUITests.xctest */ = {isa = PBXFileReference; explicitFileType = wrapper.cfbundle; includeInIndex = 0; path = maculateUITests.xctest; sourceTree = BUILT_PRODUCTS_DIR; };
		202EDAA02CF0DE9700426644 /* Qalculate.framework */ = {isa = PBXFileReference; explicitFileType = wrapper.framework; includeInIndex = 0; path = Qalculate.framework; sourceTree = BUILT_PRODUCTS_DIR; };
		2095822A2CF6A3B4005828DD /* PrivacyInfo.xcprivacy */ = {isa = PBXFileReference; lastKnownFileType = text.xml; path = PrivacyInfo.xcprivacy; sourceTree = "<group>"; };
/* End PBXFileReference section */

/* Begin PBXFileSystemSynchronizedBuildFileExceptionSet section */
		202EDAAA2CF0DE9700426644 /* Exceptions for "Qalculate" folder in "Qalculate" target */ = {
			isa = PBXFileSystemSynchronizedBuildFileExceptionSet;
			platformFiltersByRelativePath = {
				frameworks/GMP.xcframework = (macos, );
				frameworks/GMPiOS.xcframework = (ios, );
				frameworks/ICUicudata.xcframework = (macos, );
				frameworks/ICUicui18n.xcframework = (macos, );
				frameworks/ICUicuuc.xcframework = (macos, );
				frameworks/LibIconv.xcframework = (macos, );
				frameworks/LibIconvIOS.xcframework = (ios, );
				frameworks/LibIntl.xcframework = (macos, );
				frameworks/LibXML2.xcframework = (macos, );
				frameworks/LibXML2IOS.xcframework = (ios, );
				frameworks/MPFR.xcframework = (macos, );
				frameworks/MPFRIOS.xcframework = (ios, );
			};
			publicHeaders = (
				dict.hpp,
				graphing.hpp,
				main.hpp,
				Qalculate.hpp,
			);
			target = 202EDA9F2CF0DE9700426644 /* Qalculate */;
		};
		2037B6F62D38F83C0019B424 /* Exceptions for "maculate" folder in "Maculate" target */ = {
			isa = PBXFileSystemSynchronizedBuildFileExceptionSet;
			platformFiltersByRelativePath = {
				Info.plist = (macos, );
			};
			target = 202436BE2CF032AE00734E77 /* Maculate */;
		};
/* End PBXFileSystemSynchronizedBuildFileExceptionSet section */

/* Begin PBXFileSystemSynchronizedGroupBuildPhaseMembershipExceptionSet section */
		205A14E62CF7915700F56A00 /* Exceptions for "Qalculate" folder in "Embed Frameworks" phase from "Qalculate" target */ = {
			isa = PBXFileSystemSynchronizedGroupBuildPhaseMembershipExceptionSet;
			attributesByRelativePath = {
				frameworks/GMP.xcframework = (CodeSignOnCopy, RemoveHeadersOnCopy, );
				frameworks/LibIconv.xcframework = (CodeSignOnCopy, RemoveHeadersOnCopy, );
				frameworks/LibIntl.xcframework = (CodeSignOnCopy, RemoveHeadersOnCopy, );
				frameworks/LibXML2.xcframework = (CodeSignOnCopy, RemoveHeadersOnCopy, );
				frameworks/MPFR.xcframework = (CodeSignOnCopy, RemoveHeadersOnCopy, );
			};
			buildPhase = 205A14E52CF7915700F56A00 /* Embed Frameworks */;
			membershipExceptions = (
				frameworks/GMP.xcframework,
				frameworks/LibIconv.xcframework,
				frameworks/LibIntl.xcframework,
				frameworks/LibXML2.xcframework,
				frameworks/MPFR.xcframework,
			);
			platformFiltersByRelativePath = {
				frameworks/GMP.xcframework = (macos, );
				frameworks/LibIconv.xcframework = (macos, );
				frameworks/LibIntl.xcframework = (macos, );
				frameworks/LibXML2.xcframework = (macos, );
				frameworks/MPFR.xcframework = (macos, );
			};
		};
/* End PBXFileSystemSynchronizedGroupBuildPhaseMembershipExceptionSet section */

/* Begin PBXFileSystemSynchronizedRootGroup section */
		202436C12CF032AE00734E77 /* maculate */ = {
			isa = PBXFileSystemSynchronizedRootGroup;
			exceptions = (
				2037B6F62D38F83C0019B424 /* Exceptions for "maculate" folder in "Maculate" target */,
			);
			path = maculate;
			sourceTree = "<group>";
		};
		202436D32CF032B000734E77 /* maculateTests */ = {
			isa = PBXFileSystemSynchronizedRootGroup;
			path = maculateTests;
			sourceTree = "<group>";
		};
		202436DD2CF032B000734E77 /* maculateUITests */ = {
			isa = PBXFileSystemSynchronizedRootGroup;
			path = maculateUITests;
			sourceTree = "<group>";
		};
		202EDAA12CF0DE9700426644 /* Qalculate */ = {
			isa = PBXFileSystemSynchronizedRootGroup;
			exceptions = (
				202EDAAA2CF0DE9700426644 /* Exceptions for "Qalculate" folder in "Qalculate" target */,
				205A14E62CF7915700F56A00 /* Exceptions for "Qalculate" folder in "Embed Frameworks" phase from "Qalculate" target */,
			);
			explicitFileTypes = {
				main.hpp = sourcecode.cpp.h;
			};
			path = Qalculate;
			sourceTree = "<group>";
		};
/* End PBXFileSystemSynchronizedRootGroup section */

/* Begin PBXFrameworksBuildPhase section */
		202436BC2CF032AE00734E77 /* Frameworks */ = {
			isa = PBXFrameworksBuildPhase;
			buildActionMask = 2147483647;
			files = (
				20FD15802CF2ED640059D150 /* SwiftUIIntrospect in Frameworks */,
				20B14BE12CF78C470096EA8A /* Qalculate.framework in Frameworks */,
			);
			runOnlyForDeploymentPostprocessing = 0;
		};
		202436CD2CF032B000734E77 /* Frameworks */ = {
			isa = PBXFrameworksBuildPhase;
			buildActionMask = 2147483647;
			files = (
			);
			runOnlyForDeploymentPostprocessing = 0;
		};
		202436D72CF032B000734E77 /* Frameworks */ = {
			isa = PBXFrameworksBuildPhase;
			buildActionMask = 2147483647;
			files = (
			);
			runOnlyForDeploymentPostprocessing = 0;
		};
		202EDA9D2CF0DE9700426644 /* Frameworks */ = {
			isa = PBXFrameworksBuildPhase;
			buildActionMask = 2147483647;
			files = (
			);
			runOnlyForDeploymentPostprocessing = 0;
		};
/* End PBXFrameworksBuildPhase section */

/* Begin PBXGroup section */
		202436B62CF032AE00734E77 = {
			isa = PBXGroup;
			children = (
				2095822A2CF6A3B4005828DD /* PrivacyInfo.xcprivacy */,
				202ED8D32CF055E000426644 /* libqalc */,
				202436C12CF032AE00734E77 /* maculate */,
				202436D32CF032B000734E77 /* maculateTests */,
				202436DD2CF032B000734E77 /* maculateUITests */,
				209F2F542CF17A5400D8E662 /* Frameworks */,
				202436C02CF032AE00734E77 /* Products */,
			);
			sourceTree = "<group>";
		};
		202436C02CF032AE00734E77 /* Products */ = {
			isa = PBXGroup;
			children = (
				202436BF2CF032AE00734E77 /* Maculate.app */,
				202436D02CF032B000734E77 /* maculateTests.xctest */,
				202436DA2CF032B000734E77 /* maculateUITests.xctest */,
				202EDAA02CF0DE9700426644 /* Qalculate.framework */,
			);
			name = Products;
			sourceTree = "<group>";
		};
		202ED8D32CF055E000426644 /* libqalc */ = {
			isa = PBXGroup;
			children = (
				202EDAA12CF0DE9700426644 /* Qalculate */,
			);
			path = libqalc;
			sourceTree = "<group>";
		};
		209F2F542CF17A5400D8E662 /* Frameworks */ = {
			isa = PBXGroup;
			children = (
			);
			name = Frameworks;
			sourceTree = "<group>";
		};
/* End PBXGroup section */

/* Begin PBXHeadersBuildPhase section */
		202EDA9B2CF0DE9700426644 /* Headers */ = {
			isa = PBXHeadersBuildPhase;
			buildActionMask = 2147483647;
			files = (
			);
			runOnlyForDeploymentPostprocessing = 0;
		};
/* End PBXHeadersBuildPhase section */

/* Begin PBXNativeTarget section */
		202436BE2CF032AE00734E77 /* Maculate */ = {
			isa = PBXNativeTarget;
			buildConfigurationList = 202436E42CF032B000734E77 /* Build configuration list for PBXNativeTarget "Maculate" */;
			buildPhases = (
				202436BB2CF032AE00734E77 /* Sources */,
				202436BC2CF032AE00734E77 /* Frameworks */,
				202436BD2CF032AE00734E77 /* Resources */,
				20B14BE52CF78C470096EA8A /* Embed Frameworks */,
			);
			buildRules = (
			);
			dependencies = (
				20B14BE42CF78C470096EA8A /* PBXTargetDependency */,
			);
			fileSystemSynchronizedGroups = (
				202436C12CF032AE00734E77 /* maculate */,
			);
			name = Maculate;
			packageProductDependencies = (
				20FD157F2CF2ED640059D150 /* SwiftUIIntrospect */,
			);
			productName = maculate;
			productReference = 202436BF2CF032AE00734E77 /* Maculate.app */;
			productType = "com.apple.product-type.application";
		};
		202436CF2CF032B000734E77 /* maculateTests */ = {
			isa = PBXNativeTarget;
			buildConfigurationList = 202436E72CF032B000734E77 /* Build configuration list for PBXNativeTarget "maculateTests" */;
			buildPhases = (
				202436CC2CF032B000734E77 /* Sources */,
				202436CD2CF032B000734E77 /* Frameworks */,
				202436CE2CF032B000734E77 /* Resources */,
			);
			buildRules = (
			);
			dependencies = (
				202436D22CF032B000734E77 /* PBXTargetDependency */,
			);
			fileSystemSynchronizedGroups = (
				202436D32CF032B000734E77 /* maculateTests */,
			);
			name = maculateTests;
			packageProductDependencies = (
			);
			productName = maculateTests;
			productReference = 202436D02CF032B000734E77 /* maculateTests.xctest */;
			productType = "com.apple.product-type.bundle.unit-test";
		};
		202436D92CF032B000734E77 /* maculateUITests */ = {
			isa = PBXNativeTarget;
			buildConfigurationList = 202436EA2CF032B000734E77 /* Build configuration list for PBXNativeTarget "maculateUITests" */;
			buildPhases = (
				202436D62CF032B000734E77 /* Sources */,
				202436D72CF032B000734E77 /* Frameworks */,
				202436D82CF032B000734E77 /* Resources */,
			);
			buildRules = (
			);
			dependencies = (
				202436DC2CF032B000734E77 /* PBXTargetDependency */,
			);
			fileSystemSynchronizedGroups = (
				202436DD2CF032B000734E77 /* maculateUITests */,
			);
			name = maculateUITests;
			packageProductDependencies = (
			);
			productName = maculateUITests;
			productReference = 202436DA2CF032B000734E77 /* maculateUITests.xctest */;
			productType = "com.apple.product-type.bundle.ui-testing";
		};
		202EDA9F2CF0DE9700426644 /* Qalculate */ = {
			isa = PBXNativeTarget;
			buildConfigurationList = 202EDAAB2CF0DE9700426644 /* Build configuration list for PBXNativeTarget "Qalculate" */;
			buildPhases = (
				202EDA9B2CF0DE9700426644 /* Headers */,
				202EDA9C2CF0DE9700426644 /* Sources */,
				202EDA9D2CF0DE9700426644 /* Frameworks */,
				202EDA9E2CF0DE9700426644 /* Resources */,
				205A14E52CF7915700F56A00 /* Embed Frameworks */,
			);
			buildRules = (
			);
			dependencies = (
			);
			fileSystemSynchronizedGroups = (
				202EDAA12CF0DE9700426644 /* Qalculate */,
			);
			name = Qalculate;
			packageProductDependencies = (
			);
			productName = QalculateFramework;
			productReference = 202EDAA02CF0DE9700426644 /* Qalculate.framework */;
			productType = "com.apple.product-type.framework";
		};
/* End PBXNativeTarget section */

/* Begin PBXProject section */
		202436B72CF032AE00734E77 /* Project object */ = {
			isa = PBXProject;
			attributes = {
				BuildIndependentTargetsInParallel = 1;
				LastSwiftUpdateCheck = 1610;
				LastUpgradeCheck = 1620;
				TargetAttributes = {
					202436BE2CF032AE00734E77 = {
						CreatedOnToolsVersion = 16.1;
					};
					202436CF2CF032B000734E77 = {
						CreatedOnToolsVersion = 16.1;
						TestTargetID = 202436BE2CF032AE00734E77;
					};
					202436D92CF032B000734E77 = {
						CreatedOnToolsVersion = 16.1;
						TestTargetID = 202436BE2CF032AE00734E77;
					};
					202EDA9F2CF0DE9700426644 = {
						CreatedOnToolsVersion = 16.1;
					};
				};
			};
			buildConfigurationList = 202436BA2CF032AE00734E77 /* Build configuration list for PBXProject "maculate" */;
			developmentRegion = en;
			hasScannedForEncodings = 0;
			knownRegions = (
				en,
				Base,
			);
			mainGroup = 202436B62CF032AE00734E77;
			minimizedProjectReferenceProxies = 1;
			packageReferences = (
				20FD157E2CF2ED640059D150 /* XCRemoteSwiftPackageReference "swiftui-introspect" */,
			);
			preferredProjectObjectVersion = 77;
			productRefGroup = 202436C02CF032AE00734E77 /* Products */;
			projectDirPath = "";
			projectRoot = "";
			targets = (
				202436BE2CF032AE00734E77 /* Maculate */,
				202436CF2CF032B000734E77 /* maculateTests */,
				202436D92CF032B000734E77 /* maculateUITests */,
				202EDA9F2CF0DE9700426644 /* Qalculate */,
			);
		};
/* End PBXProject section */

/* Begin PBXResourcesBuildPhase section */
		202436BD2CF032AE00734E77 /* Resources */ = {
			isa = PBXResourcesBuildPhase;
			buildActionMask = 2147483647;
			files = (
				2095822B2CF6A3B4005828DD /* PrivacyInfo.xcprivacy in Resources */,
			);
			runOnlyForDeploymentPostprocessing = 0;
		};
		202436CE2CF032B000734E77 /* Resources */ = {
			isa = PBXResourcesBuildPhase;
			buildActionMask = 2147483647;
			files = (
			);
			runOnlyForDeploymentPostprocessing = 0;
		};
		202436D82CF032B000734E77 /* Resources */ = {
			isa = PBXResourcesBuildPhase;
			buildActionMask = 2147483647;
			files = (
			);
			runOnlyForDeploymentPostprocessing = 0;
		};
		202EDA9E2CF0DE9700426644 /* Resources */ = {
			isa = PBXResourcesBuildPhase;
			buildActionMask = 2147483647;
			files = (
			);
			runOnlyForDeploymentPostprocessing = 0;
		};
/* End PBXResourcesBuildPhase section */

/* Begin PBXSourcesBuildPhase section */
		202436BB2CF032AE00734E77 /* Sources */ = {
			isa = PBXSourcesBuildPhase;
			buildActionMask = 2147483647;
			files = (
			);
			runOnlyForDeploymentPostprocessing = 0;
		};
		202436CC2CF032B000734E77 /* Sources */ = {
			isa = PBXSourcesBuildPhase;
			buildActionMask = 2147483647;
			files = (
			);
			runOnlyForDeploymentPostprocessing = 0;
		};
		202436D62CF032B000734E77 /* Sources */ = {
			isa = PBXSourcesBuildPhase;
			buildActionMask = 2147483647;
			files = (
			);
			runOnlyForDeploymentPostprocessing = 0;
		};
		202EDA9C2CF0DE9700426644 /* Sources */ = {
			isa = PBXSourcesBuildPhase;
			buildActionMask = 2147483647;
			files = (
			);
			runOnlyForDeploymentPostprocessing = 0;
		};
/* End PBXSourcesBuildPhase section */

/* Begin PBXTargetDependency section */
		202436D22CF032B000734E77 /* PBXTargetDependency */ = {
			isa = PBXTargetDependency;
			target = 202436BE2CF032AE00734E77 /* Maculate */;
			targetProxy = 202436D12CF032B000734E77 /* PBXContainerItemProxy */;
		};
		202436DC2CF032B000734E77 /* PBXTargetDependency */ = {
			isa = PBXTargetDependency;
			target = 202436BE2CF032AE00734E77 /* Maculate */;
			targetProxy = 202436DB2CF032B000734E77 /* PBXContainerItemProxy */;
		};
		20B14BE42CF78C470096EA8A /* PBXTargetDependency */ = {
			isa = PBXTargetDependency;
			target = 202EDA9F2CF0DE9700426644 /* Qalculate */;
			targetProxy = 20B14BE32CF78C470096EA8A /* PBXContainerItemProxy */;
		};
/* End PBXTargetDependency section */

/* Begin XCBuildConfiguration section */
		202436E22CF032B000734E77 /* Debug */ = {
			isa = XCBuildConfiguration;
			buildSettings = {
				ALWAYS_SEARCH_USER_PATHS = NO;
				ASSETCATALOG_COMPILER_GENERATE_SWIFT_ASSET_SYMBOL_EXTENSIONS = YES;
				CLANG_ANALYZER_NONNULL = YES;
				CLANG_ANALYZER_NUMBER_OBJECT_CONVERSION = YES_AGGRESSIVE;
				CLANG_CXX_LANGUAGE_STANDARD = "gnu++20";
				CLANG_ENABLE_MODULES = YES;
				CLANG_ENABLE_OBJC_ARC = YES;
				CLANG_ENABLE_OBJC_WEAK = YES;
				CLANG_WARN_BLOCK_CAPTURE_AUTORELEASING = YES;
				CLANG_WARN_BOOL_CONVERSION = YES;
				CLANG_WARN_COMMA = YES;
				CLANG_WARN_CONSTANT_CONVERSION = YES;
				CLANG_WARN_DEPRECATED_OBJC_IMPLEMENTATIONS = YES;
				CLANG_WARN_DIRECT_OBJC_ISA_USAGE = YES_ERROR;
				CLANG_WARN_DOCUMENTATION_COMMENTS = YES;
				CLANG_WARN_EMPTY_BODY = YES;
				CLANG_WARN_ENUM_CONVERSION = YES;
				CLANG_WARN_INFINITE_RECURSION = YES;
				CLANG_WARN_INT_CONVERSION = YES;
				CLANG_WARN_NON_LITERAL_NULL_CONVERSION = YES;
				CLANG_WARN_OBJC_IMPLICIT_RETAIN_SELF = YES;
				CLANG_WARN_OBJC_LITERAL_CONVERSION = YES;
				CLANG_WARN_OBJC_ROOT_CLASS = YES_ERROR;
				CLANG_WARN_QUOTED_INCLUDE_IN_FRAMEWORK_HEADER = YES;
				CLANG_WARN_RANGE_LOOP_ANALYSIS = YES;
				CLANG_WARN_STRICT_PROTOTYPES = YES;
				CLANG_WARN_SUSPICIOUS_MOVE = YES;
				CLANG_WARN_UNGUARDED_AVAILABILITY = YES_AGGRESSIVE;
				CLANG_WARN_UNREACHABLE_CODE = YES;
				CLANG_WARN__DUPLICATE_METHOD_MATCH = YES;
				COPY_PHASE_STRIP = NO;
				DEAD_CODE_STRIPPING = YES;
				DEBUG_INFORMATION_FORMAT = dwarf;
				ENABLE_STRICT_OBJC_MSGSEND = YES;
				ENABLE_TESTABILITY = YES;
				ENABLE_USER_SCRIPT_SANDBOXING = YES;
				GCC_C_LANGUAGE_STANDARD = gnu17;
				GCC_DYNAMIC_NO_PIC = NO;
				GCC_NO_COMMON_BLOCKS = YES;
				GCC_OPTIMIZATION_LEVEL = 0;
				GCC_PREPROCESSOR_DEFINITIONS = (
					"DEBUG=1",
					"$(inherited)",
				);
				GCC_WARN_64_TO_32_BIT_CONVERSION = YES;
				GCC_WARN_ABOUT_RETURN_TYPE = YES_ERROR;
				GCC_WARN_UNDECLARED_SELECTOR = YES;
				GCC_WARN_UNINITIALIZED_AUTOS = YES_AGGRESSIVE;
				GCC_WARN_UNUSED_FUNCTION = YES;
				GCC_WARN_UNUSED_VARIABLE = YES;
				LOCALIZATION_PREFERS_STRING_CATALOGS = YES;
				MACOSX_DEPLOYMENT_TARGET = 15.1;
				MTL_ENABLE_DEBUG_INFO = INCLUDE_SOURCE;
				MTL_FAST_MATH = YES;
				ONLY_ACTIVE_ARCH = YES;
				SDKROOT = macosx;
				SWIFT_ACTIVE_COMPILATION_CONDITIONS = "DEBUG $(inherited)";
				SWIFT_OPTIMIZATION_LEVEL = "-Onone";
			};
			name = Debug;
		};
		202436E32CF032B000734E77 /* Release */ = {
			isa = XCBuildConfiguration;
			buildSettings = {
				ALWAYS_SEARCH_USER_PATHS = NO;
				ASSETCATALOG_COMPILER_GENERATE_SWIFT_ASSET_SYMBOL_EXTENSIONS = YES;
				CLANG_ANALYZER_NONNULL = YES;
				CLANG_ANALYZER_NUMBER_OBJECT_CONVERSION = YES_AGGRESSIVE;
				CLANG_CXX_LANGUAGE_STANDARD = "gnu++20";
				CLANG_ENABLE_MODULES = YES;
				CLANG_ENABLE_OBJC_ARC = YES;
				CLANG_ENABLE_OBJC_WEAK = YES;
				CLANG_WARN_BLOCK_CAPTURE_AUTORELEASING = YES;
				CLANG_WARN_BOOL_CONVERSION = YES;
				CLANG_WARN_COMMA = YES;
				CLANG_WARN_CONSTANT_CONVERSION = YES;
				CLANG_WARN_DEPRECATED_OBJC_IMPLEMENTATIONS = YES;
				CLANG_WARN_DIRECT_OBJC_ISA_USAGE = YES_ERROR;
				CLANG_WARN_DOCUMENTATION_COMMENTS = YES;
				CLANG_WARN_EMPTY_BODY = YES;
				CLANG_WARN_ENUM_CONVERSION = YES;
				CLANG_WARN_INFINITE_RECURSION = YES;
				CLANG_WARN_INT_CONVERSION = YES;
				CLANG_WARN_NON_LITERAL_NULL_CONVERSION = YES;
				CLANG_WARN_OBJC_IMPLICIT_RETAIN_SELF = YES;
				CLANG_WARN_OBJC_LITERAL_CONVERSION = YES;
				CLANG_WARN_OBJC_ROOT_CLASS = YES_ERROR;
				CLANG_WARN_QUOTED_INCLUDE_IN_FRAMEWORK_HEADER = YES;
				CLANG_WARN_RANGE_LOOP_ANALYSIS = YES;
				CLANG_WARN_STRICT_PROTOTYPES = YES;
				CLANG_WARN_SUSPICIOUS_MOVE = YES;
				CLANG_WARN_UNGUARDED_AVAILABILITY = YES_AGGRESSIVE;
				CLANG_WARN_UNREACHABLE_CODE = YES;
				CLANG_WARN__DUPLICATE_METHOD_MATCH = YES;
				COPY_PHASE_STRIP = NO;
				DEAD_CODE_STRIPPING = YES;
				DEBUG_INFORMATION_FORMAT = "dwarf-with-dsym";
				ENABLE_NS_ASSERTIONS = NO;
				ENABLE_STRICT_OBJC_MSGSEND = YES;
				ENABLE_USER_SCRIPT_SANDBOXING = YES;
				GCC_C_LANGUAGE_STANDARD = gnu17;
				GCC_NO_COMMON_BLOCKS = YES;
				GCC_WARN_64_TO_32_BIT_CONVERSION = YES;
				GCC_WARN_ABOUT_RETURN_TYPE = YES_ERROR;
				GCC_WARN_UNDECLARED_SELECTOR = YES;
				GCC_WARN_UNINITIALIZED_AUTOS = YES_AGGRESSIVE;
				GCC_WARN_UNUSED_FUNCTION = YES;
				GCC_WARN_UNUSED_VARIABLE = YES;
				LOCALIZATION_PREFERS_STRING_CATALOGS = YES;
				MACOSX_DEPLOYMENT_TARGET = 15.1;
				MTL_ENABLE_DEBUG_INFO = NO;
				MTL_FAST_MATH = YES;
				SDKROOT = macosx;
				SWIFT_COMPILATION_MODE = wholemodule;
			};
			name = Release;
		};
		202436E52CF032B000734E77 /* Debug */ = {
			isa = XCBuildConfiguration;
			buildSettings = {
				ARCHS = arm64;
				ASSETCATALOG_COMPILER_APPICON_NAME = AppIcon;
				ASSETCATALOG_COMPILER_GLOBAL_ACCENT_COLOR_NAME = AccentColor;
				CODE_SIGN_ENTITLEMENTS = maculate/maculate.entitlements;
				CODE_SIGN_STYLE = Automatic;
				CURRENT_PROJECT_VERSION = 12;
				DEAD_CODE_STRIPPING = YES;
				DEVELOPMENT_ASSET_PATHS = "\"maculate/Preview Content\"";
				DEVELOPMENT_TEAM = APTCP6Z8HA;
				ENABLE_HARDENED_RUNTIME = YES;
				ENABLE_PREVIEWS = YES;
				ENABLE_USER_SCRIPT_SANDBOXING = NO;
				GENERATE_INFOPLIST_FILE = YES;
				INFOPLIST_KEY_LSApplicationCategoryType = "public.app-category.utilities";
				INFOPLIST_KEY_UILaunchScreen_Generation = YES;
				LD_RUNPATH_SEARCH_PATHS = (
					"$(inherited)",
					"@executable_path/../Frameworks",
					"@executable_path/Frameworks",
					"@executable_path",
				);
				LIBRARY_SEARCH_PATHS = (
					"$(inherited)",
					"$(PROJECT_DIR)/libqalc/result/lib",
				);
				MACOSX_DEPLOYMENT_TARGET = 14.3;
				MARKETING_VERSION = 0.1.1;
				PRODUCT_BUNDLE_IDENTIFIER = com.toastcat.maculate;
				PRODUCT_NAME = "$(TARGET_NAME)";
				SUPPORTED_PLATFORMS = "iphoneos iphonesimulator macosx";
				SUPPORTS_MACCATALYST = NO;
				SWIFT_EMIT_LOC_STRINGS = YES;
				SWIFT_OBJC_INTEROP_MODE = objcxx;
				SWIFT_VERSION = 5.0;
				TARGETED_DEVICE_FAMILY = 1;
				USER_HEADER_SEARCH_PATHS = "$(SRCROOT)/result/include";
			};
			name = Debug;
		};
		202436E62CF032B000734E77 /* Release */ = {
			isa = XCBuildConfiguration;
			buildSettings = {
				ARCHS = arm64;
				ASSETCATALOG_COMPILER_APPICON_NAME = AppIcon;
				ASSETCATALOG_COMPILER_GLOBAL_ACCENT_COLOR_NAME = AccentColor;
				CODE_SIGN_ENTITLEMENTS = maculate/maculate.entitlements;
				CODE_SIGN_STYLE = Automatic;
				CURRENT_PROJECT_VERSION = 12;
				DEAD_CODE_STRIPPING = YES;
				DEBUG_INFORMATION_FORMAT = dwarf;
				DEVELOPMENT_ASSET_PATHS = "\"maculate/Preview Content\"";
				DEVELOPMENT_TEAM = APTCP6Z8HA;
				ENABLE_HARDENED_RUNTIME = YES;
				ENABLE_PREVIEWS = YES;
				ENABLE_USER_SCRIPT_SANDBOXING = NO;
				GENERATE_INFOPLIST_FILE = YES;
				INFOPLIST_KEY_LSApplicationCategoryType = "public.app-category.utilities";
				INFOPLIST_KEY_UILaunchScreen_Generation = YES;
				LD_RUNPATH_SEARCH_PATHS = (
					"$(inherited)",
					"@executable_path/../Frameworks",
					"@executable_path/Frameworks",
					"@executable_path",
				);
				LIBRARY_SEARCH_PATHS = (
					"$(inherited)",
					"$(PROJECT_DIR)/libqalc/result/lib",
				);
				MACOSX_DEPLOYMENT_TARGET = 14.3;
				MARKETING_VERSION = 0.1.1;
				PRODUCT_BUNDLE_IDENTIFIER = com.toastcat.maculate;
				PRODUCT_NAME = "$(TARGET_NAME)";
				SUPPORTED_PLATFORMS = "iphoneos iphonesimulator macosx";
				SUPPORTS_MACCATALYST = NO;
				SWIFT_EMIT_LOC_STRINGS = YES;
				SWIFT_OBJC_INTEROP_MODE = objcxx;
				SWIFT_VERSION = 5.0;
				TARGETED_DEVICE_FAMILY = 1;
				USER_HEADER_SEARCH_PATHS = "$(SRCROOT)/result/include";
			};
			name = Release;
		};
		202436E82CF032B000734E77 /* Debug */ = {
			isa = XCBuildConfiguration;
			buildSettings = {
				BUNDLE_LOADER = "$(TEST_HOST)";
				CODE_SIGN_STYLE = Automatic;
				CURRENT_PROJECT_VERSION = 1;
				DEAD_CODE_STRIPPING = YES;
				DEVELOPMENT_TEAM = APTCP6Z8HA;
				GENERATE_INFOPLIST_FILE = YES;
				MACOSX_DEPLOYMENT_TARGET = 15.1;
				MARKETING_VERSION = 1.0;
				PRODUCT_BUNDLE_IDENTIFIER = com.toastcat.maculate.maculateTests;
				PRODUCT_NAME = "$(TARGET_NAME)";
				SWIFT_EMIT_LOC_STRINGS = NO;
				SWIFT_VERSION = 5.0;
				TEST_HOST = "$(BUILT_PRODUCTS_DIR)/maculate.app/$(BUNDLE_EXECUTABLE_FOLDER_PATH)/maculate";
			};
			name = Debug;
		};
		202436E92CF032B000734E77 /* Release */ = {
			isa = XCBuildConfiguration;
			buildSettings = {
				BUNDLE_LOADER = "$(TEST_HOST)";
				CODE_SIGN_STYLE = Automatic;
				CURRENT_PROJECT_VERSION = 1;
				DEAD_CODE_STRIPPING = YES;
				DEVELOPMENT_TEAM = APTCP6Z8HA;
				GENERATE_INFOPLIST_FILE = YES;
				MACOSX_DEPLOYMENT_TARGET = 15.1;
				MARKETING_VERSION = 1.0;
				PRODUCT_BUNDLE_IDENTIFIER = com.toastcat.maculate.maculateTests;
				PRODUCT_NAME = "$(TARGET_NAME)";
				SWIFT_EMIT_LOC_STRINGS = NO;
				SWIFT_VERSION = 5.0;
				TEST_HOST = "$(BUILT_PRODUCTS_DIR)/maculate.app/$(BUNDLE_EXECUTABLE_FOLDER_PATH)/maculate";
			};
			name = Release;
		};
		202436EB2CF032B000734E77 /* Debug */ = {
			isa = XCBuildConfiguration;
			buildSettings = {
				CODE_SIGN_STYLE = Automatic;
				CURRENT_PROJECT_VERSION = 1;
				DEAD_CODE_STRIPPING = YES;
				DEVELOPMENT_TEAM = APTCP6Z8HA;
				GENERATE_INFOPLIST_FILE = YES;
				MARKETING_VERSION = 1.0;
				PRODUCT_BUNDLE_IDENTIFIER = com.toastcat.maculate.maculateUITests;
				PRODUCT_NAME = "$(TARGET_NAME)";
				SWIFT_EMIT_LOC_STRINGS = NO;
				SWIFT_VERSION = 5.0;
				TEST_TARGET_NAME = maculate;
			};
			name = Debug;
		};
		202436EC2CF032B000734E77 /* Release */ = {
			isa = XCBuildConfiguration;
			buildSettings = {
				CODE_SIGN_STYLE = Automatic;
				CURRENT_PROJECT_VERSION = 1;
				DEAD_CODE_STRIPPING = YES;
				DEVELOPMENT_TEAM = APTCP6Z8HA;
				GENERATE_INFOPLIST_FILE = YES;
				MARKETING_VERSION = 1.0;
				PRODUCT_BUNDLE_IDENTIFIER = com.toastcat.maculate.maculateUITests;
				PRODUCT_NAME = "$(TARGET_NAME)";
				SWIFT_EMIT_LOC_STRINGS = NO;
				SWIFT_VERSION = 5.0;
				TEST_TARGET_NAME = maculate;
			};
			name = Release;
		};
		202EDAAC2CF0DE9700426644 /* Debug */ = {
			isa = XCBuildConfiguration;
			buildSettings = {
				ARCHS = arm64;
				BUILD_LIBRARY_FOR_DISTRIBUTION = YES;
				CODE_SIGN_IDENTITY = "";
				"CODE_SIGN_IDENTITY[sdk=macosx*]" = "Apple Development";
				CODE_SIGN_STYLE = Automatic;
				COMBINE_HIDPI_IMAGES = YES;
				CURRENT_PROJECT_VERSION = 1;
				DEAD_CODE_STRIPPING = YES;
				DEFINES_MODULE = YES;
				DEVELOPMENT_TEAM = APTCP6Z8HA;
				DYLIB_COMPATIBILITY_VERSION = 1;
				DYLIB_CURRENT_VERSION = 1;
				DYLIB_INSTALL_NAME_BASE = "@rpath";
				ENABLE_MODULE_VERIFIER = NO;
				GENERATE_INFOPLIST_FILE = YES;
				HEADER_SEARCH_PATHS = "$(PROJECT_DIR)/libqalc/result/include/**";
				INFOPLIST_KEY_NSHumanReadableCopyright = "";
				INSTALL_PATH = "$(LOCAL_LIBRARY_DIR)/Frameworks";
				LD_RUNPATH_SEARCH_PATHS = (
					"$(inherited)",
					"@executable_path/../Frameworks",
					"@loader_path/Frameworks",
				);
				LIBRARY_SEARCH_PATHS = "$(inherited)";
				MACOSX_DEPLOYMENT_TARGET = 14.3;
				MARKETING_VERSION = 1.0;
				MODULE_VERIFIER_SUPPORTED_LANGUAGES = "objective-c++";
				MODULE_VERIFIER_SUPPORTED_LANGUAGE_STANDARDS = "gnu17 gnu++20";
				PRODUCT_BUNDLE_IDENTIFIER = com.toastcat.maculate.QalculateFramework;
				PRODUCT_NAME = "$(TARGET_NAME:c99extidentifier)";
				SKIP_INSTALL = YES;
				SUPPORTED_PLATFORMS = "iphoneos iphonesimulator macosx";
				SUPPORTS_MACCATALYST = NO;
				SWIFT_EMIT_LOC_STRINGS = YES;
				SWIFT_INSTALL_OBJC_HEADER = NO;
				SWIFT_VERSION = 5.0;
				TARGETED_DEVICE_FAMILY = 1;
				VERSIONING_SYSTEM = "apple-generic";
				VERSION_INFO_PREFIX = "";
			};
			name = Debug;
		};
		202EDAAD2CF0DE9700426644 /* Release */ = {
			isa = XCBuildConfiguration;
			buildSettings = {
				ARCHS = arm64;
				BUILD_LIBRARY_FOR_DISTRIBUTION = YES;
				CODE_SIGN_STYLE = Automatic;
				CURRENT_PROJECT_VERSION = 1;
				DEAD_CODE_STRIPPING = YES;
				DEFINES_MODULE = YES;
				DEVELOPMENT_TEAM = APTCP6Z8HA;
				DYLIB_COMPATIBILITY_VERSION = 1;
				DYLIB_CURRENT_VERSION = 1;
				DYLIB_INSTALL_NAME_BASE = "@rpath";
				ENABLE_MODULE_VERIFIER = NO;
				GENERATE_INFOPLIST_FILE = YES;
				HEADER_SEARCH_PATHS = "$(PROJECT_DIR)/libqalc/result/include/**";
				INFOPLIST_KEY_NSHumanReadableCopyright = "";
				INSTALL_PATH = "$(LOCAL_LIBRARY_DIR)/Frameworks";
				LD_RUNPATH_SEARCH_PATHS = (
					"$(inherited)",
					"@executable_path/../Frameworks",
					"@loader_path/Frameworks",
				);
				LIBRARY_SEARCH_PATHS = "$(inherited)";
				MACOSX_DEPLOYMENT_TARGET = 14.3;
				MARKETING_VERSION = 1.0;
				MODULE_VERIFIER_SUPPORTED_LANGUAGES = "objective-c++";
				MODULE_VERIFIER_SUPPORTED_LANGUAGE_STANDARDS = "gnu17 gnu++20";
				PRODUCT_BUNDLE_IDENTIFIER = com.toastcat.maculate.QalculateFramework;
				PRODUCT_NAME = "$(TARGET_NAME:c99extidentifier)";
				SKIP_INSTALL = YES;
				SUPPORTED_PLATFORMS = "iphoneos iphonesimulator macosx";
				SUPPORTS_MACCATALYST = NO;
				SWIFT_EMIT_LOC_STRINGS = YES;
				SWIFT_INSTALL_OBJC_HEADER = NO;
				SWIFT_VERSION = 5.0;
				TARGETED_DEVICE_FAMILY = 1;
				VERSIONING_SYSTEM = "apple-generic";
				VERSION_INFO_PREFIX = "";
			};
			name = Release;
		};
/* End XCBuildConfiguration section */

/* Begin XCConfigurationList section */
		202436BA2CF032AE00734E77 /* Build configuration list for PBXProject "maculate" */ = {
			isa = XCConfigurationList;
			buildConfigurations = (
				202436E22CF032B000734E77 /* Debug */,
				202436E32CF032B000734E77 /* Release */,
			);
			defaultConfigurationIsVisible = 0;
			defaultConfigurationName = Release;
		};
		202436E42CF032B000734E77 /* Build configuration list for PBXNativeTarget "Maculate" */ = {
			isa = XCConfigurationList;
			buildConfigurations = (
				202436E52CF032B000734E77 /* Debug */,
				202436E62CF032B000734E77 /* Release */,
			);
			defaultConfigurationIsVisible = 0;
			defaultConfigurationName = Release;
		};
		202436E72CF032B000734E77 /* Build configuration list for PBXNativeTarget "maculateTests" */ = {
			isa = XCConfigurationList;
			buildConfigurations = (
				202436E82CF032B000734E77 /* Debug */,
				202436E92CF032B000734E77 /* Release */,
			);
			defaultConfigurationIsVisible = 0;
			defaultConfigurationName = Release;
		};
		202436EA2CF032B000734E77 /* Build configuration list for PBXNativeTarget "maculateUITests" */ = {
			isa = XCConfigurationList;
			buildConfigurations = (
				202436EB2CF032B000734E77 /* Debug */,
				202436EC2CF032B000734E77 /* Release */,
			);
			defaultConfigurationIsVisible = 0;
			defaultConfigurationName = Release;
		};
		202EDAAB2CF0DE9700426644 /* Build configuration list for PBXNativeTarget "Qalculate" */ = {
			isa = XCConfigurationList;
			buildConfigurations = (
				202EDAAC2CF0DE9700426644 /* Debug */,
				202EDAAD2CF0DE9700426644 /* Release */,
			);
			defaultConfigurationIsVisible = 0;
			defaultConfigurationName = Release;
		};
/* End XCConfigurationList section */

/* Begin XCRemoteSwiftPackageReference section */
		20FD157E2CF2ED640059D150 /* XCRemoteSwiftPackageReference "swiftui-introspect" */ = {
			isa = XCRemoteSwiftPackageReference;
			repositoryURL = "https://github.com/siteline/swiftui-introspect";
			requirement = {
				kind = upToNextMajorVersion;
				minimumVersion = 1.3.0;
			};
		};
/* End XCRemoteSwiftPackageReference section */

/* Begin XCSwiftPackageProductDependency section */
		20FD157F2CF2ED640059D150 /* SwiftUIIntrospect */ = {
			isa = XCSwiftPackageProductDependency;
			package = 20FD157E2CF2ED640059D150 /* XCRemoteSwiftPackageReference "swiftui-introspect" */;
			productName = SwiftUIIntrospect;
		};
/* End XCSwiftPackageProductDependency section */
	};
	rootObject = 202436B72CF032AE00734E77 /* Project object */;
}
